PODS:
  - Bolts-Swift (1.5.0)
  - DeviceKit (4.5.2)
  - HexColors (4.0.0)
  - iOSDFULibrary (4.11.1):
    - ZIPFoundation (= 0.9.11)
  - MBProgressHUD (1.2.0)
  - MetaWear/AsyncUtils (4.1.3):
    - MetaWear/Core
  - MetaWear/Core (4.1.3):
    - Bolts-Swift (~> 1)
  - MetaWear/DFU (4.1.3):
    - iOSDFULibrary
    - MetaWear/Core
  - MetaWear/UI (4.1.3):
    - MetaWear/AsyncUtils
    - MetaWear/Core
  - PNChart (0.8.9):
    - UICountingLabel (~> 1.2.0)
  - PPTopMostController (0.0.1)
  - RMessage (2.3.4):
    - HexColors (~> 4.0)
    - PPTopMostController
  - UICountingLabel (1.2.0)
  - ZIPFoundation (0.9.11)

DEPENDENCIES:
  - DeviceKit
  - MBProgressHUD
  - MetaWear/AsyncUtils
  - MetaWear/DFU
  - MetaWear/UI
  - PNChart
  - RMessage (~> 2.3.4)

SPEC REPOS:
  trunk:
    - Bolts-Swift
    - DeviceKit
    - HexColors
    - iOSDFULibrary
    - MBProgressHUD
    - MetaWear
    - PNChart
    - PPTopMostController
    - RMessage
    - UICountingLabel
    - ZIPFoundation

SPEC CHECKSUMS:
  Bolts-Swift: afbbaf8c8186e7f769be4afa656949c14087ba44
  DeviceKit: c622fc19f795f3e0b4d75d6d11b26604338cdab3
  HexColors: 5f95843ef89aff6a72e1fd3a8ebabf205cc43379
  iOSDFULibrary: 3500ac00451aa7d8ec48a752e91099669a2c1d27
  MBProgressHUD: 3ee5efcc380f6a79a7cc9b363dd669c5e1ae7406
  MetaWear: 172042a920e6853083f1fd94fb4f509016188586
  PNChart: 84774d225c2126ded6c93d4dbe6ae98c3a73c2d2
  PPTopMostController: 4e6f1e5f8c645bdcc74cd837a20f607ff262c048
  RMessage: c53d90b788d64387f68bce3725b309e377b6bf15
  UICountingLabel: 1db4e7d023e1762171eb226d6dff47a7a84f27aa
  ZIPFoundation: b1f0de4eed33e74a676f76e12559ab6b75990197

PODFILE CHECKSUM: 6f9acd6b8a8a20a49d3eb3e46711e8137ea5b41c

COCOAPODS: 1.11.2
