// !$*UTF8*$!
{
	archiveVersion = 1;
	classes = {
	};
	objectVersion = 55;
	objects = {

/* Begin PBXBuildFile section */
		9409C5C02761383E001FE850 /* SensorConfigurationVM.swift in Sources */ = {isa = PBXBuildFile; fileRef = 9409C5BF2761383E001FE850 /* SensorConfigurationVM.swift */; };
		9409C5C227613890001FE850 /* SensorUserParameters.swift in Sources */ = {isa = PBXBuildFile; fileRef = 9409C5C127613890001FE850 /* SensorUserParameters.swift */; };
		9409C5C327613890001FE850 /* SensorUserParameters.swift in Sources */ = {isa = PBXBuildFile; fileRef = 9409C5C127613890001FE850 /* SensorUserParameters.swift */; };
		9409C5C427613895001FE850 /* SensorConfigurationVM.swift in Sources */ = {isa = PBXBuildFile; fileRef = 9409C5BF2761383E001FE850 /* SensorConfigurationVM.swift */; };
		9409C5C627613C7F001FE850 /* MetaWear+WriteSensorMacro.swift in Sources */ = {isa = PBXBuildFile; fileRef = 9409C5C527613C7F001FE850 /* MetaWear+WriteSensorMacro.swift */; };
		9409C5C727613C7F001FE850 /* MetaWear+WriteSensorMacro.swift in Sources */ = {isa = PBXBuildFile; fileRef = 9409C5C527613C7F001FE850 /* MetaWear+WriteSensorMacro.swift */; };
		9409C5C927617F35001FE850 /* LegalSensorParameters.swift in Sources */ = {isa = PBXBuildFile; fileRef = 9409C5C827617F35001FE850 /* LegalSensorParameters.swift */; };
		9409C5CA27617F35001FE850 /* LegalSensorParameters.swift in Sources */ = {isa = PBXBuildFile; fileRef = 9409C5C827617F35001FE850 /* LegalSensorParameters.swift */; };
		9409C5CC2761F438001FE850 /* Configure+SensorIterator.swift in Sources */ = {isa = PBXBuildFile; fileRef = 9409C5CB2761F438001FE850 /* Configure+SensorIterator.swift */; };
		9409C5CD2761F438001FE850 /* Configure+SensorIterator.swift in Sources */ = {isa = PBXBuildFile; fileRef = 9409C5CB2761F438001FE850 /* Configure+SensorIterator.swift */; };
		9409C5CF2762969B001FE850 /* Configure+Grid.swift in Sources */ = {isa = PBXBuildFile; fileRef = 9409C5CE2762969B001FE850 /* Configure+Grid.swift */; };
		9409C5D02762969B001FE850 /* Configure+Grid.swift in Sources */ = {isa = PBXBuildFile; fileRef = 9409C5CE2762969B001FE850 /* Configure+Grid.swift */; };
		9409C5D22762971D001FE850 /* Configure+CTAs.swift in Sources */ = {isa = PBXBuildFile; fileRef = 9409C5D12762971D001FE850 /* Configure+CTAs.swift */; };
		9409C5D32762971D001FE850 /* Configure+CTAs.swift in Sources */ = {isa = PBXBuildFile; fileRef = 9409C5D12762971D001FE850 /* Configure+CTAs.swift */; };
		9409C5D62762A367001FE850 /* ActionVM.swift in Sources */ = {isa = PBXBuildFile; fileRef = 9409C5D52762A367001FE850 /* ActionVM.swift */; };
		9409C5D72762A367001FE850 /* ActionVM.swift in Sources */ = {isa = PBXBuildFile; fileRef = 9409C5D52762A367001FE850 /* ActionVM.swift */; };
		9409C5D92762D7DA001FE850 /* ActionState.swift in Sources */ = {isa = PBXBuildFile; fileRef = 9409C5D82762D7DA001FE850 /* ActionState.swift */; };
		9409C5DA2762D7DA001FE850 /* ActionState.swift in Sources */ = {isa = PBXBuildFile; fileRef = 9409C5D82762D7DA001FE850 /* ActionState.swift */; };
		9409C5DC2762E17D001FE850 /* Action+Row.swift in Sources */ = {isa = PBXBuildFile; fileRef = 9409C5DB2762E17D001FE850 /* Action+Row.swift */; };
		9409C5DD2762E17D001FE850 /* Action+Row.swift in Sources */ = {isa = PBXBuildFile; fileRef = 9409C5DB2762E17D001FE850 /* Action+Row.swift */; };
		9409C5DF2762E187001FE850 /* Action+ProgrammingState.swift in Sources */ = {isa = PBXBuildFile; fileRef = 9409C5DE2762E186001FE850 /* Action+ProgrammingState.swift */; };
		9409C5E02762E187001FE850 /* Action+ProgrammingState.swift in Sources */ = {isa = PBXBuildFile; fileRef = 9409C5DE2762E186001FE850 /* Action+ProgrammingState.swift */; };
		9409C5E22762E3FB001FE850 /* ActionScreen+CTAs.swift in Sources */ = {isa = PBXBuildFile; fileRef = 9409C5E12762E3FB001FE850 /* ActionScreen+CTAs.swift */; };
		9409C5E32762E3FB001FE850 /* ActionScreen+CTAs.swift in Sources */ = {isa = PBXBuildFile; fileRef = 9409C5E12762E3FB001FE850 /* ActionScreen+CTAs.swift */; };
		9409C5E52762E732001FE850 /* ActionHeader.swift in Sources */ = {isa = PBXBuildFile; fileRef = 9409C5E42762E732001FE850 /* ActionHeader.swift */; };
		9409C5E62762E732001FE850 /* ActionHeader.swift in Sources */ = {isa = PBXBuildFile; fileRef = 9409C5E42762E732001FE850 /* ActionHeader.swift */; };
		9409C5E82763B764001FE850 /* ActionType.swift in Sources */ = {isa = PBXBuildFile; fileRef = 9409C5E72763B764001FE850 /* ActionType.swift */; };
		9409C5E92763B764001FE850 /* ActionType.swift in Sources */ = {isa = PBXBuildFile; fileRef = 9409C5E72763B764001FE850 /* ActionType.swift */; };
		9413CEAE275B118600A36B5E /* UIFactory.swift in Sources */ = {isa = PBXBuildFile; fileRef = 9413CEAD275B10C100A36B5E /* UIFactory.swift */; };
		9413CEAF275B118600A36B5E /* UIFactory.swift in Sources */ = {isa = PBXBuildFile; fileRef = 9413CEAD275B10C100A36B5E /* UIFactory.swift */; };
		944538962767032D00841880 /* MetaWearImage.swift in Sources */ = {isa = PBXBuildFile; fileRef = 944538952767032D00841880 /* MetaWearImage.swift */; };
		944538972767032D00841880 /* MetaWearImage.swift in Sources */ = {isa = PBXBuildFile; fileRef = 944538952767032D00841880 /* MetaWearImage.swift */; };
		944538BD2767DCE000841880 /* StreamingCountersContainer.swift in Sources */ = {isa = PBXBuildFile; fileRef = 944538BC2767DCE000841880 /* StreamingCountersContainer.swift */; };
		944538BE2767DCE000841880 /* StreamingCountersContainer.swift in Sources */ = {isa = PBXBuildFile; fileRef = 944538BC2767DCE000841880 /* StreamingCountersContainer.swift */; };
		94528552275BDD81004D815B /* Choose+ToolbarScanningIcon.swift in Sources */ = {isa = PBXBuildFile; fileRef = 94528551275BDD81004D815B /* Choose+ToolbarScanningIcon.swift */; };
		94528553275BDD81004D815B /* Choose+ToolbarScanningIcon.swift in Sources */ = {isa = PBXBuildFile; fileRef = 94528551275BDD81004D815B /* Choose+ToolbarScanningIcon.swift */; };
		94528555275BDDB9004D815B /* Choose+Grids.swift in Sources */ = {isa = PBXBuildFile; fileRef = 94528554275BDDB9004D815B /* Choose+Grids.swift */; };
		94528556275BDDB9004D815B /* Choose+Grids.swift in Sources */ = {isa = PBXBuildFile; fileRef = 94528554275BDDB9004D815B /* Choose+Grids.swift */; };
		94528558275BDE1E004D815B /* Choose+DeviceIterator.swift in Sources */ = {isa = PBXBuildFile; fileRef = 94528557275BDE1E004D815B /* Choose+DeviceIterator.swift */; };
		94528559275BDE1E004D815B /* Choose+DeviceIterator.swift in Sources */ = {isa = PBXBuildFile; fileRef = 94528557275BDE1E004D815B /* Choose+DeviceIterator.swift */; };
		9452855B275BDEE2004D815B /* Choose+DeviceCell.swift in Sources */ = {isa = PBXBuildFile; fileRef = 9452855A275BDEE2004D815B /* Choose+DeviceCell.swift */; };
		9452855C275BDEE2004D815B /* Choose+DeviceCell.swift in Sources */ = {isa = PBXBuildFile; fileRef = 9452855A275BDEE2004D815B /* Choose+DeviceCell.swift */; };
		9452855E275BDEED004D815B /* Choose+NoDevicesFound.swift in Sources */ = {isa = PBXBuildFile; fileRef = 9452855D275BDEED004D815B /* Choose+NoDevicesFound.swift */; };
		9452855F275BDEED004D815B /* Choose+NoDevicesFound.swift in Sources */ = {isa = PBXBuildFile; fileRef = 9452855D275BDEED004D815B /* Choose+NoDevicesFound.swift */; };
		94528561275BDF8D004D815B /* UserDefaults+Singleton.swift in Sources */ = {isa = PBXBuildFile; fileRef = 94528560275BDF8D004D815B /* UserDefaults+Singleton.swift */; };
		94528562275BDF8D004D815B /* UserDefaults+Singleton.swift in Sources */ = {isa = PBXBuildFile; fileRef = 94528560275BDF8D004D815B /* UserDefaults+Singleton.swift */; };
		94528564275BE0D8004D815B /* MainWindow.swift in Sources */ = {isa = PBXBuildFile; fileRef = 94528563275BE0D8004D815B /* MainWindow.swift */; };
		94528565275BE0D8004D815B /* MainWindow.swift in Sources */ = {isa = PBXBuildFile; fileRef = 94528563275BE0D8004D815B /* MainWindow.swift */; };
		94528567275BE128004D815B /* ConfigureScreen.swift in Sources */ = {isa = PBXBuildFile; fileRef = 94EBA39E275A128A008C62E7 /* ConfigureScreen.swift */; };
		94528568275BE12B004D815B /* ActionScreen.swift in Sources */ = {isa = PBXBuildFile; fileRef = 94EBA3A0275A1298008C62E7 /* ActionScreen.swift */; };
		9452856D275BE1D5004D815B /* Root.swift in Sources */ = {isa = PBXBuildFile; fileRef = 9452856C275BE1D5004D815B /* Root.swift */; };
		9452856E275BE1D5004D815B /* Root.swift in Sources */ = {isa = PBXBuildFile; fileRef = 9452856C275BE1D5004D815B /* Root.swift */; };
		94528570275BE248004D815B /* BLEStateWarningsVM.swift in Sources */ = {isa = PBXBuildFile; fileRef = 9452856F275BE248004D815B /* BLEStateWarningsVM.swift */; };
		94528571275BE248004D815B /* BLEStateWarningsVM.swift in Sources */ = {isa = PBXBuildFile; fileRef = 9452856F275BE248004D815B /* BLEStateWarningsVM.swift */; };
		94528574275BE45F004D815B /* AlertVendors.swift in Sources */ = {isa = PBXBuildFile; fileRef = 94528573275BE45F004D815B /* AlertVendors.swift */; };
		94528575275BE45F004D815B /* AlertVendors.swift in Sources */ = {isa = PBXBuildFile; fileRef = 94528573275BE45F004D815B /* AlertVendors.swift */; };
		94528577275BE4BE004D815B /* MetaWearDiscoveryVM.swift in Sources */ = {isa = PBXBuildFile; fileRef = 94528576275BE4BE004D815B /* MetaWearDiscoveryVM.swift */; };
		94528578275BE4BE004D815B /* MetaWearDiscoveryVM.swift in Sources */ = {isa = PBXBuildFile; fileRef = 94528576275BE4BE004D815B /* MetaWearDiscoveryVM.swift */; };
		9452857A275BE77A004D815B /* Choose+EditGroup.swift in Sources */ = {isa = PBXBuildFile; fileRef = 94528579275BE77A004D815B /* Choose+EditGroup.swift */; };
		9452857B275BE77A004D815B /* Choose+EditGroup.swift in Sources */ = {isa = PBXBuildFile; fileRef = 94528579275BE77A004D815B /* Choose+EditGroup.swift */; };
		945494F727656A800021E3D6 /* MetaWear in Frameworks */ = {isa = PBXBuildFile; productRef = 945494F627656A800021E3D6 /* MetaWear */; };
		945494F927656A840021E3D6 /* MetaWear in Frameworks */ = {isa = PBXBuildFile; productRef = 945494F827656A840021E3D6 /* MetaWear */; };
		945494FB27656A8C0021E3D6 /* MetaWearMetadata in Frameworks */ = {isa = PBXBuildFile; productRef = 945494FA27656A8C0021E3D6 /* MetaWearMetadata */; };
		945494FD27656A910021E3D6 /* MetaWearMetadata in Frameworks */ = {isa = PBXBuildFile; productRef = 945494FC27656A910021E3D6 /* MetaWearMetadata */; };
		94801C7C275A9264005574DF /* MetaWearMetadata in Frameworks */ = {isa = PBXBuildFile; productRef = 94801C7B275A9264005574DF /* MetaWearMetadata */; };
		94801C80275A926E005574DF /* MetaWearMetadata in Frameworks */ = {isa = PBXBuildFile; productRef = 94801C7F275A926E005574DF /* MetaWearMetadata */; };
		94934FD3275A09E700E388FF /* MetaWear in Frameworks */ = {isa = PBXBuildFile; productRef = 94934FD2275A09E700E388FF /* MetaWear */; };
		94934FD5275A09EE00E388FF /* MetaWear in Frameworks */ = {isa = PBXBuildFile; productRef = 94934FD4275A09EE00E388FF /* MetaWear */; };
		94935010275A0F0A00E388FF /* mbientSwiftUI in Frameworks */ = {isa = PBXBuildFile; productRef = 9493500F275A0F0A00E388FF /* mbientSwiftUI */; };
		94935012275A0F1000E388FF /* mbientSwiftUI in Frameworks */ = {isa = PBXBuildFile; productRef = 94935011275A0F1000E388FF /* mbientSwiftUI */; };
		9493501A275A112200E388FF /* DiscoveryListVM.swift in Sources */ = {isa = PBXBuildFile; fileRef = 94935019275A112200E388FF /* DiscoveryListVM.swift */; };
		9493501B275A112200E388FF /* DiscoveryListVM.swift in Sources */ = {isa = PBXBuildFile; fileRef = 94935019275A112200E388FF /* DiscoveryListVM.swift */; };
		94935023275A11C600E388FF /* KnownItemVM.swift in Sources */ = {isa = PBXBuildFile; fileRef = 94935022275A11C600E388FF /* KnownItemVM.swift */; };
		94935024275A11C600E388FF /* KnownItemVM.swift in Sources */ = {isa = PBXBuildFile; fileRef = 94935022275A11C600E388FF /* KnownItemVM.swift */; };
		94A165C1275F2F8600FA355D /* History+SessionsList.swift in Sources */ = {isa = PBXBuildFile; fileRef = 94A165BD275F2F8600FA355D /* History+SessionsList.swift */; };
		94A165C2275F2F8600FA355D /* History+SessionsList.swift in Sources */ = {isa = PBXBuildFile; fileRef = 94A165BD275F2F8600FA355D /* History+SessionsList.swift */; };
		94A165C3275F2F8600FA355D /* History+About.swift in Sources */ = {isa = PBXBuildFile; fileRef = 94A165BE275F2F8600FA355D /* History+About.swift */; };
		94A165C4275F2F8600FA355D /* History+About.swift in Sources */ = {isa = PBXBuildFile; fileRef = 94A165BE275F2F8600FA355D /* History+About.swift */; };
		94CF3EFA276427C300C2D8B0 /* Routing.swift in Sources */ = {isa = PBXBuildFile; fileRef = 94CF3EF9276427C300C2D8B0 /* Routing.swift */; };
		94CF3EFB276427C300C2D8B0 /* Routing.swift in Sources */ = {isa = PBXBuildFile; fileRef = 94CF3EF9276427C300C2D8B0 /* Routing.swift */; };
		94CF3EFD276427F100C2D8B0 /* ChooseDevicesScreen.swift in Sources */ = {isa = PBXBuildFile; fileRef = 94CF3EFC276427F100C2D8B0 /* ChooseDevicesScreen.swift */; };
		94CF3EFE276427F100C2D8B0 /* ChooseDevicesScreen.swift in Sources */ = {isa = PBXBuildFile; fileRef = 94CF3EFC276427F100C2D8B0 /* ChooseDevicesScreen.swift */; };
		94CF3F012764282300C2D8B0 /* CTAButton.swift in Sources */ = {isa = PBXBuildFile; fileRef = 94CF3EFF2764282300C2D8B0 /* CTAButton.swift */; };
		94CF3F022764282300C2D8B0 /* CTAButton.swift in Sources */ = {isa = PBXBuildFile; fileRef = 94CF3EFF2764282300C2D8B0 /* CTAButton.swift */; };
		94CF3F032764282300C2D8B0 /* MiniMenuButton.swift in Sources */ = {isa = PBXBuildFile; fileRef = 94CF3F002764282300C2D8B0 /* MiniMenuButton.swift */; };
		94CF3F042764282300C2D8B0 /* MiniMenuButton.swift in Sources */ = {isa = PBXBuildFile; fileRef = 94CF3F002764282300C2D8B0 /* MiniMenuButton.swift */; };
		94CF3F0A2764286B00C2D8B0 /* Header.swift in Sources */ = {isa = PBXBuildFile; fileRef = 94CF3F052764286B00C2D8B0 /* Header.swift */; };
		94CF3F0B2764286B00C2D8B0 /* Header.swift in Sources */ = {isa = PBXBuildFile; fileRef = 94CF3F052764286B00C2D8B0 /* Header.swift */; };
		94CF3F0C2764286B00C2D8B0 /* SpotlightShimmerText.swift in Sources */ = {isa = PBXBuildFile; fileRef = 94CF3F062764286B00C2D8B0 /* SpotlightShimmerText.swift */; };
		94CF3F0D2764286B00C2D8B0 /* SpotlightShimmerText.swift in Sources */ = {isa = PBXBuildFile; fileRef = 94CF3F062764286B00C2D8B0 /* SpotlightShimmerText.swift */; };
		94CF3F0E2764286B00C2D8B0 /* ProgressBar.swift in Sources */ = {isa = PBXBuildFile; fileRef = 94CF3F072764286B00C2D8B0 /* ProgressBar.swift */; };
		94CF3F0F2764286B00C2D8B0 /* ProgressBar.swift in Sources */ = {isa = PBXBuildFile; fileRef = 94CF3F072764286B00C2D8B0 /* ProgressBar.swift */; };
		94CF3F102764286B00C2D8B0 /* Subhead.swift in Sources */ = {isa = PBXBuildFile; fileRef = 94CF3F082764286B00C2D8B0 /* Subhead.swift */; };
		94CF3F112764286B00C2D8B0 /* Subhead.swift in Sources */ = {isa = PBXBuildFile; fileRef = 94CF3F082764286B00C2D8B0 /* Subhead.swift */; };
		94CF3F122764286B00C2D8B0 /* LabeledItem.swift in Sources */ = {isa = PBXBuildFile; fileRef = 94CF3F092764286B00C2D8B0 /* LabeledItem.swift */; };
		94CF3F132764286B00C2D8B0 /* LabeledItem.swift in Sources */ = {isa = PBXBuildFile; fileRef = 94CF3F092764286B00C2D8B0 /* LabeledItem.swift */; };
		94CF3F16276428A400C2D8B0 /* LargeSignalDots.swift in Sources */ = {isa = PBXBuildFile; fileRef = 94CF3F14276428A300C2D8B0 /* LargeSignalDots.swift */; };
		94CF3F17276428A400C2D8B0 /* LargeSignalDots.swift in Sources */ = {isa = PBXBuildFile; fileRef = 94CF3F14276428A300C2D8B0 /* LargeSignalDots.swift */; };
		94CF3F18276428A400C2D8B0 /* MetaWearAtom.swift in Sources */ = {isa = PBXBuildFile; fileRef = 94CF3F15276428A400C2D8B0 /* MetaWearAtom.swift */; };
		94CF3F19276428A400C2D8B0 /* MetaWearAtom.swift in Sources */ = {isa = PBXBuildFile; fileRef = 94CF3F15276428A400C2D8B0 /* MetaWearAtom.swift */; };
		94CF3F1C276428CA00C2D8B0 /* Transitions.swift in Sources */ = {isa = PBXBuildFile; fileRef = 94CF3F1A276428CA00C2D8B0 /* Transitions.swift */; };
		94CF3F1D276428CA00C2D8B0 /* Transitions.swift in Sources */ = {isa = PBXBuildFile; fileRef = 94CF3F1A276428CA00C2D8B0 /* Transitions.swift */; };
		94CF3F1E276428CA00C2D8B0 /* DispatchQueue+AsyncAfter.swift in Sources */ = {isa = PBXBuildFile; fileRef = 94CF3F1B276428CA00C2D8B0 /* DispatchQueue+AsyncAfter.swift */; };
		94CF3F1F276428CA00C2D8B0 /* DispatchQueue+AsyncAfter.swift in Sources */ = {isa = PBXBuildFile; fileRef = 94CF3F1B276428CA00C2D8B0 /* DispatchQueue+AsyncAfter.swift */; };
		94CF3F21276428F000C2D8B0 /* Images.swift in Sources */ = {isa = PBXBuildFile; fileRef = 94CF3F20276428F000C2D8B0 /* Images.swift */; };
		94CF3F22276428F000C2D8B0 /* Images.swift in Sources */ = {isa = PBXBuildFile; fileRef = 94CF3F20276428F000C2D8B0 /* Images.swift */; };
		94DFEC5E275D389700BB80DB /* Choose+UnknownDeviceCell.swift in Sources */ = {isa = PBXBuildFile; fileRef = 94DFEC5D275D389700BB80DB /* Choose+UnknownDeviceCell.swift */; };
		94DFEC5F275D389700BB80DB /* Choose+UnknownDeviceCell.swift in Sources */ = {isa = PBXBuildFile; fileRef = 94DFEC5D275D389700BB80DB /* Choose+UnknownDeviceCell.swift */; };
		94DFEC62275D459B00BB80DB /* ItemVM.swift in Sources */ = {isa = PBXBuildFile; fileRef = 94DFEC61275D459B00BB80DB /* ItemVM.swift */; };
		94DFEC63275D459B00BB80DB /* ItemVM.swift in Sources */ = {isa = PBXBuildFile; fileRef = 94DFEC61275D459B00BB80DB /* ItemVM.swift */; };
		94DFEC65275D45F000BB80DB /* UnknownDeviceVM.swift in Sources */ = {isa = PBXBuildFile; fileRef = 94DFEC64275D45F000BB80DB /* UnknownDeviceVM.swift */; };
		94DFEC66275D45F000BB80DB /* UnknownDeviceVM.swift in Sources */ = {isa = PBXBuildFile; fileRef = 94DFEC64275D45F000BB80DB /* UnknownDeviceVM.swift */; };
		94E005E3275A07E9001B0DFD /* Tests_iOS.swift in Sources */ = {isa = PBXBuildFile; fileRef = 94E005E2275A07E9001B0DFD /* Tests_iOS.swift */; };
		94E005E5275A07E9001B0DFD /* Tests_iOSLaunchTests.swift in Sources */ = {isa = PBXBuildFile; fileRef = 94E005E4275A07E9001B0DFD /* Tests_iOSLaunchTests.swift */; };
		94E005EF275A07E9001B0DFD /* Tests_macOS.swift in Sources */ = {isa = PBXBuildFile; fileRef = 94E005EE275A07E9001B0DFD /* Tests_macOS.swift */; };
		94E005F1275A07E9001B0DFD /* Tests_macOSLaunchTests.swift in Sources */ = {isa = PBXBuildFile; fileRef = 94E005F0275A07E9001B0DFD /* Tests_macOSLaunchTests.swift */; };
		94E005F2275A07E9001B0DFD /* MetaBaseApp.swift in Sources */ = {isa = PBXBuildFile; fileRef = 94E005CA275A07E9001B0DFD /* MetaBaseApp.swift */; };
		94E005F3275A07E9001B0DFD /* MetaBaseApp.swift in Sources */ = {isa = PBXBuildFile; fileRef = 94E005CA275A07E9001B0DFD /* MetaBaseApp.swift */; };
		94E005F6275A07E9001B0DFD /* Assets.xcassets in Resources */ = {isa = PBXBuildFile; fileRef = 94E005CC275A07E9001B0DFD /* Assets.xcassets */; };
		94E005F7275A07E9001B0DFD /* Assets.xcassets in Resources */ = {isa = PBXBuildFile; fileRef = 94E005CC275A07E9001B0DFD /* Assets.xcassets */; };
		94E3A7F1275FF50C007E2BAE /* HistoryScreenVM.swift in Sources */ = {isa = PBXBuildFile; fileRef = 94E3A7F0275FF50C007E2BAE /* HistoryScreenVM.swift */; };
		94E3A7F3275FF519007E2BAE /* AboutDeviceVM.swift in Sources */ = {isa = PBXBuildFile; fileRef = 94E3A7F2275FF519007E2BAE /* AboutDeviceVM.swift */; };
		94E3A7F5275FF557007E2BAE /* HistoryScreen.swift in Sources */ = {isa = PBXBuildFile; fileRef = 94E3A7F4275FF557007E2BAE /* HistoryScreen.swift */; };
		94E3A7F6275FF5CF007E2BAE /* HistoryScreen.swift in Sources */ = {isa = PBXBuildFile; fileRef = 94E3A7F4275FF557007E2BAE /* HistoryScreen.swift */; };
		94E3A7F7275FF5DD007E2BAE /* AboutDeviceVM.swift in Sources */ = {isa = PBXBuildFile; fileRef = 94E3A7F2275FF519007E2BAE /* AboutDeviceVM.swift */; };
		94E3A7F8275FF5DD007E2BAE /* HistoryScreenVM.swift in Sources */ = {isa = PBXBuildFile; fileRef = 94E3A7F0275FF50C007E2BAE /* HistoryScreenVM.swift */; };
		94E3A7FA27603238007E2BAE /* IdentifyByLEDButton.swift in Sources */ = {isa = PBXBuildFile; fileRef = 94E3A7F927603238007E2BAE /* IdentifyByLEDButton.swift */; };
		94E3A7FB276032BD007E2BAE /* IdentifyByLEDButton.swift in Sources */ = {isa = PBXBuildFile; fileRef = 94E3A7F927603238007E2BAE /* IdentifyByLEDButton.swift */; };
		94E3A7FD27607075007E2BAE /* ConnectionButton.swift in Sources */ = {isa = PBXBuildFile; fileRef = 94E3A7FC27607075007E2BAE /* ConnectionButton.swift */; };
		94E3A7FE27607075007E2BAE /* ConnectionButton.swift in Sources */ = {isa = PBXBuildFile; fileRef = 94E3A7FC27607075007E2BAE /* ConnectionButton.swift */; };
		94E3A80327608BE3007E2BAE /* Configure+Tile.swift in Sources */ = {isa = PBXBuildFile; fileRef = 94E3A80027608BE3007E2BAE /* Configure+Tile.swift */; };
		94E3A80427608BE3007E2BAE /* Configure+Tile.swift in Sources */ = {isa = PBXBuildFile; fileRef = 94E3A80027608BE3007E2BAE /* Configure+Tile.swift */; };
		94E3A80627608BF8007E2BAE /* ProgressScreen.swift in Sources */ = {isa = PBXBuildFile; fileRef = 94E3A80527608BF8007E2BAE /* ProgressScreen.swift */; };
		94E3A80727608BF8007E2BAE /* ProgressScreen.swift in Sources */ = {isa = PBXBuildFile; fileRef = 94E3A80527608BF8007E2BAE /* ProgressScreen.swift */; };
		94E3A80927608ED7007E2BAE /* SensorConfigContainer.swift in Sources */ = {isa = PBXBuildFile; fileRef = 94E3A80827608ED7007E2BAE /* SensorConfigContainer.swift */; };
		94E3A80A27608ED7007E2BAE /* SensorConfigContainer.swift in Sources */ = {isa = PBXBuildFile; fileRef = 94E3A80827608ED7007E2BAE /* SensorConfigContainer.swift */; };
		94EBA39F275A128A008C62E7 /* ConfigureScreen.swift in Sources */ = {isa = PBXBuildFile; fileRef = 94EBA39E275A128A008C62E7 /* ConfigureScreen.swift */; };
		94EBA3A1275A1298008C62E7 /* ActionScreen.swift in Sources */ = {isa = PBXBuildFile; fileRef = 94EBA3A0275A1298008C62E7 /* ActionScreen.swift */; };
		94EBA3A3275A14DE008C62E7 /* Dimensions.swift in Sources */ = {isa = PBXBuildFile; fileRef = 94EBA3A2275A14DE008C62E7 /* Dimensions.swift */; };
		94EBA3A6275A160A008C62E7 /* Dimensions.swift in Sources */ = {isa = PBXBuildFile; fileRef = 94EBA3A2275A14DE008C62E7 /* Dimensions.swift */; };
/* End PBXBuildFile section */

/* Begin PBXContainerItemProxy section */
		94E005DF275A07E9001B0DFD /* PBXContainerItemProxy */ = {
			isa = PBXContainerItemProxy;
			containerPortal = 94E005C5275A07E9001B0DFD /* Project object */;
			proxyType = 1;
			remoteGlobalIDString = 94E005D0275A07E9001B0DFD;
			remoteInfo = "MetaBase (iOS)";
		};
		94E005EB275A07E9001B0DFD /* PBXContainerItemProxy */ = {
			isa = PBXContainerItemProxy;
			containerPortal = 94E005C5275A07E9001B0DFD /* Project object */;
			proxyType = 1;
			remoteGlobalIDString = 94E005D6275A07E9001B0DFD;
			remoteInfo = "MetaBase (macOS)";
		};
/* End PBXContainerItemProxy section */

/* Begin PBXFileReference section */
		9409C5BF2761383E001FE850 /* SensorConfigurationVM.swift */ = {isa = PBXFileReference; lastKnownFileType = sourcecode.swift; path = SensorConfigurationVM.swift; sourceTree = "<group>"; };
		9409C5C127613890001FE850 /* SensorUserParameters.swift */ = {isa = PBXFileReference; lastKnownFileType = sourcecode.swift; path = SensorUserParameters.swift; sourceTree = "<group>"; };
		9409C5C527613C7F001FE850 /* MetaWear+WriteSensorMacro.swift */ = {isa = PBXFileReference; lastKnownFileType = sourcecode.swift; path = "MetaWear+WriteSensorMacro.swift"; sourceTree = "<group>"; };
		9409C5C827617F35001FE850 /* LegalSensorParameters.swift */ = {isa = PBXFileReference; lastKnownFileType = sourcecode.swift; path = LegalSensorParameters.swift; sourceTree = "<group>"; };
		9409C5CB2761F438001FE850 /* Configure+SensorIterator.swift */ = {isa = PBXFileReference; lastKnownFileType = sourcecode.swift; path = "Configure+SensorIterator.swift"; sourceTree = "<group>"; };
		9409C5CE2762969B001FE850 /* Configure+Grid.swift */ = {isa = PBXFileReference; lastKnownFileType = sourcecode.swift; path = "Configure+Grid.swift"; sourceTree = "<group>"; };
		9409C5D12762971D001FE850 /* Configure+CTAs.swift */ = {isa = PBXFileReference; lastKnownFileType = sourcecode.swift; path = "Configure+CTAs.swift"; sourceTree = "<group>"; };
		9409C5D52762A367001FE850 /* ActionVM.swift */ = {isa = PBXFileReference; lastKnownFileType = sourcecode.swift; path = ActionVM.swift; sourceTree = "<group>"; };
		9409C5D82762D7DA001FE850 /* ActionState.swift */ = {isa = PBXFileReference; lastKnownFileType = sourcecode.swift; path = ActionState.swift; sourceTree = "<group>"; };
		9409C5DB2762E17D001FE850 /* Action+Row.swift */ = {isa = PBXFileReference; lastKnownFileType = sourcecode.swift; path = "Action+Row.swift"; sourceTree = "<group>"; };
		9409C5DE2762E186001FE850 /* Action+ProgrammingState.swift */ = {isa = PBXFileReference; lastKnownFileType = sourcecode.swift; path = "Action+ProgrammingState.swift"; sourceTree = "<group>"; };
		9409C5E12762E3FB001FE850 /* ActionScreen+CTAs.swift */ = {isa = PBXFileReference; lastKnownFileType = sourcecode.swift; path = "ActionScreen+CTAs.swift"; sourceTree = "<group>"; };
		9409C5E42762E732001FE850 /* ActionHeader.swift */ = {isa = PBXFileReference; lastKnownFileType = sourcecode.swift; path = ActionHeader.swift; sourceTree = "<group>"; };
		9409C5E72763B764001FE850 /* ActionType.swift */ = {isa = PBXFileReference; lastKnownFileType = sourcecode.swift; path = ActionType.swift; sourceTree = "<group>"; };
		9413CEAD275B10C100A36B5E /* UIFactory.swift */ = {isa = PBXFileReference; lastKnownFileType = sourcecode.swift; path = UIFactory.swift; sourceTree = "<group>"; };
		9420E582275A097200A841D6 /* MetaWear-iOS-Combine-SDK */ = {isa = PBXFileReference; lastKnownFileType = wrapper; name = "MetaWear-iOS-Combine-SDK"; path = "../../MetaWear-iOS-Combine-SDK"; sourceTree = "<group>"; };
		944538952767032D00841880 /* MetaWearImage.swift */ = {isa = PBXFileReference; lastKnownFileType = sourcecode.swift; path = MetaWearImage.swift; sourceTree = "<group>"; };
		944538BC2767DCE000841880 /* StreamingCountersContainer.swift */ = {isa = PBXFileReference; lastKnownFileType = sourcecode.swift; path = StreamingCountersContainer.swift; sourceTree = "<group>"; };
		94528551275BDD81004D815B /* Choose+ToolbarScanningIcon.swift */ = {isa = PBXFileReference; fileEncoding = 4; lastKnownFileType = sourcecode.swift; path = "Choose+ToolbarScanningIcon.swift"; sourceTree = "<group>"; };
		94528554275BDDB9004D815B /* Choose+Grids.swift */ = {isa = PBXFileReference; fileEncoding = 4; lastKnownFileType = sourcecode.swift; path = "Choose+Grids.swift"; sourceTree = "<group>"; };
		94528557275BDE1E004D815B /* Choose+DeviceIterator.swift */ = {isa = PBXFileReference; fileEncoding = 4; lastKnownFileType = sourcecode.swift; path = "Choose+DeviceIterator.swift"; sourceTree = "<group>"; };
		9452855A275BDEE2004D815B /* Choose+DeviceCell.swift */ = {isa = PBXFileReference; fileEncoding = 4; lastKnownFileType = sourcecode.swift; path = "Choose+DeviceCell.swift"; sourceTree = "<group>"; };
		9452855D275BDEED004D815B /* Choose+NoDevicesFound.swift */ = {isa = PBXFileReference; fileEncoding = 4; lastKnownFileType = sourcecode.swift; path = "Choose+NoDevicesFound.swift"; sourceTree = "<group>"; };
		94528560275BDF8D004D815B /* UserDefaults+Singleton.swift */ = {isa = PBXFileReference; fileEncoding = 4; lastKnownFileType = sourcecode.swift; path = "UserDefaults+Singleton.swift"; sourceTree = "<group>"; };
		94528563275BE0D8004D815B /* MainWindow.swift */ = {isa = PBXFileReference; fileEncoding = 4; lastKnownFileType = sourcecode.swift; path = MainWindow.swift; sourceTree = "<group>"; };
		9452856C275BE1D5004D815B /* Root.swift */ = {isa = PBXFileReference; fileEncoding = 4; lastKnownFileType = sourcecode.swift; path = Root.swift; sourceTree = "<group>"; };
		9452856F275BE248004D815B /* BLEStateWarningsVM.swift */ = {isa = PBXFileReference; fileEncoding = 4; lastKnownFileType = sourcecode.swift; path = BLEStateWarningsVM.swift; sourceTree = "<group>"; };
		94528573275BE45F004D815B /* AlertVendors.swift */ = {isa = PBXFileReference; fileEncoding = 4; lastKnownFileType = sourcecode.swift; path = AlertVendors.swift; sourceTree = "<group>"; };
		94528576275BE4BE004D815B /* MetaWearDiscoveryVM.swift */ = {isa = PBXFileReference; fileEncoding = 4; lastKnownFileType = sourcecode.swift; path = MetaWearDiscoveryVM.swift; sourceTree = "<group>"; };
		94528579275BE77A004D815B /* Choose+EditGroup.swift */ = {isa = PBXFileReference; fileEncoding = 4; lastKnownFileType = sourcecode.swift; path = "Choose+EditGroup.swift"; sourceTree = "<group>"; };
		94934FD6275A0A2E00E388FF /* MetaBase--iOS--Info.plist */ = {isa = PBXFileReference; lastKnownFileType = text.plist; path = "MetaBase--iOS--Info.plist"; sourceTree = "<group>"; };
		94934FD7275A0A4200E388FF /* MetaBase--macOS--Info.plist */ = {isa = PBXFileReference; lastKnownFileType = text.plist; path = "MetaBase--macOS--Info.plist"; sourceTree = "<group>"; };
		94935019275A112200E388FF /* DiscoveryListVM.swift */ = {isa = PBXFileReference; lastKnownFileType = sourcecode.swift; path = DiscoveryListVM.swift; sourceTree = "<group>"; };
		94935022275A11C600E388FF /* KnownItemVM.swift */ = {isa = PBXFileReference; lastKnownFileType = sourcecode.swift; path = KnownItemVM.swift; sourceTree = "<group>"; };
		94A165BB275E8E0C00FA355D /* MetaBase (iOS).entitlements */ = {isa = PBXFileReference; lastKnownFileType = text.plist.entitlements; path = "MetaBase (iOS).entitlements"; sourceTree = "<group>"; };
		94A165BD275F2F8600FA355D /* History+SessionsList.swift */ = {isa = PBXFileReference; fileEncoding = 4; lastKnownFileType = sourcecode.swift; path = "History+SessionsList.swift"; sourceTree = "<group>"; };
		94A165BE275F2F8600FA355D /* History+About.swift */ = {isa = PBXFileReference; fileEncoding = 4; lastKnownFileType = sourcecode.swift; path = "History+About.swift"; sourceTree = "<group>"; };
		94CF3EF9276427C300C2D8B0 /* Routing.swift */ = {isa = PBXFileReference; fileEncoding = 4; lastKnownFileType = sourcecode.swift; path = Routing.swift; sourceTree = "<group>"; };
		94CF3EFC276427F100C2D8B0 /* ChooseDevicesScreen.swift */ = {isa = PBXFileReference; fileEncoding = 4; lastKnownFileType = sourcecode.swift; path = ChooseDevicesScreen.swift; sourceTree = "<group>"; };
		94CF3EFF2764282300C2D8B0 /* CTAButton.swift */ = {isa = PBXFileReference; fileEncoding = 4; lastKnownFileType = sourcecode.swift; path = CTAButton.swift; sourceTree = "<group>"; };
		94CF3F002764282300C2D8B0 /* MiniMenuButton.swift */ = {isa = PBXFileReference; fileEncoding = 4; lastKnownFileType = sourcecode.swift; path = MiniMenuButton.swift; sourceTree = "<group>"; };
		94CF3F052764286B00C2D8B0 /* Header.swift */ = {isa = PBXFileReference; fileEncoding = 4; lastKnownFileType = sourcecode.swift; path = Header.swift; sourceTree = "<group>"; };
		94CF3F062764286B00C2D8B0 /* SpotlightShimmerText.swift */ = {isa = PBXFileReference; fileEncoding = 4; lastKnownFileType = sourcecode.swift; path = SpotlightShimmerText.swift; sourceTree = "<group>"; };
		94CF3F072764286B00C2D8B0 /* ProgressBar.swift */ = {isa = PBXFileReference; fileEncoding = 4; lastKnownFileType = sourcecode.swift; path = ProgressBar.swift; sourceTree = "<group>"; };
		94CF3F082764286B00C2D8B0 /* Subhead.swift */ = {isa = PBXFileReference; fileEncoding = 4; lastKnownFileType = sourcecode.swift; path = Subhead.swift; sourceTree = "<group>"; };
		94CF3F092764286B00C2D8B0 /* LabeledItem.swift */ = {isa = PBXFileReference; fileEncoding = 4; lastKnownFileType = sourcecode.swift; path = LabeledItem.swift; sourceTree = "<group>"; };
		94CF3F14276428A300C2D8B0 /* LargeSignalDots.swift */ = {isa = PBXFileReference; fileEncoding = 4; lastKnownFileType = sourcecode.swift; path = LargeSignalDots.swift; sourceTree = "<group>"; };
		94CF3F15276428A400C2D8B0 /* MetaWearAtom.swift */ = {isa = PBXFileReference; fileEncoding = 4; lastKnownFileType = sourcecode.swift; path = MetaWearAtom.swift; sourceTree = "<group>"; };
		94CF3F1A276428CA00C2D8B0 /* Transitions.swift */ = {isa = PBXFileReference; fileEncoding = 4; lastKnownFileType = sourcecode.swift; path = Transitions.swift; sourceTree = "<group>"; };
		94CF3F1B276428CA00C2D8B0 /* DispatchQueue+AsyncAfter.swift */ = {isa = PBXFileReference; fileEncoding = 4; lastKnownFileType = sourcecode.swift; path = "DispatchQueue+AsyncAfter.swift"; sourceTree = "<group>"; };
		94CF3F20276428F000C2D8B0 /* Images.swift */ = {isa = PBXFileReference; fileEncoding = 4; lastKnownFileType = sourcecode.swift; path = Images.swift; sourceTree = "<group>"; };
		94DFEC5D275D389700BB80DB /* Choose+UnknownDeviceCell.swift */ = {isa = PBXFileReference; lastKnownFileType = sourcecode.swift; path = "Choose+UnknownDeviceCell.swift"; sourceTree = "<group>"; };
		94DFEC61275D459B00BB80DB /* ItemVM.swift */ = {isa = PBXFileReference; lastKnownFileType = sourcecode.swift; path = ItemVM.swift; sourceTree = "<group>"; };
		94DFEC64275D45F000BB80DB /* UnknownDeviceVM.swift */ = {isa = PBXFileReference; lastKnownFileType = sourcecode.swift; path = UnknownDeviceVM.swift; sourceTree = "<group>"; };
		94E005CA275A07E9001B0DFD /* MetaBaseApp.swift */ = {isa = PBXFileReference; lastKnownFileType = sourcecode.swift; path = MetaBaseApp.swift; sourceTree = "<group>"; };
		94E005CC275A07E9001B0DFD /* Assets.xcassets */ = {isa = PBXFileReference; lastKnownFileType = folder.assetcatalog; path = Assets.xcassets; sourceTree = "<group>"; };
		94E005D1275A07E9001B0DFD /* MetaBase.app */ = {isa = PBXFileReference; explicitFileType = wrapper.application; includeInIndex = 0; path = MetaBase.app; sourceTree = BUILT_PRODUCTS_DIR; };
		94E005D7275A07E9001B0DFD /* MetaBase.app */ = {isa = PBXFileReference; explicitFileType = wrapper.application; includeInIndex = 0; path = MetaBase.app; sourceTree = BUILT_PRODUCTS_DIR; };
		94E005D9275A07E9001B0DFD /* macOS.entitlements */ = {isa = PBXFileReference; lastKnownFileType = text.plist.entitlements; path = macOS.entitlements; sourceTree = "<group>"; };
		94E005DE275A07E9001B0DFD /* Tests iOS.xctest */ = {isa = PBXFileReference; explicitFileType = wrapper.cfbundle; includeInIndex = 0; path = "Tests iOS.xctest"; sourceTree = BUILT_PRODUCTS_DIR; };
		94E005E2275A07E9001B0DFD /* Tests_iOS.swift */ = {isa = PBXFileReference; lastKnownFileType = sourcecode.swift; path = Tests_iOS.swift; sourceTree = "<group>"; };
		94E005E4275A07E9001B0DFD /* Tests_iOSLaunchTests.swift */ = {isa = PBXFileReference; lastKnownFileType = sourcecode.swift; path = Tests_iOSLaunchTests.swift; sourceTree = "<group>"; };
		94E005EA275A07E9001B0DFD /* Tests macOS.xctest */ = {isa = PBXFileReference; explicitFileType = wrapper.cfbundle; includeInIndex = 0; path = "Tests macOS.xctest"; sourceTree = BUILT_PRODUCTS_DIR; };
		94E005EE275A07E9001B0DFD /* Tests_macOS.swift */ = {isa = PBXFileReference; lastKnownFileType = sourcecode.swift; path = Tests_macOS.swift; sourceTree = "<group>"; };
		94E005F0275A07E9001B0DFD /* Tests_macOSLaunchTests.swift */ = {isa = PBXFileReference; lastKnownFileType = sourcecode.swift; path = Tests_macOSLaunchTests.swift; sourceTree = "<group>"; };
		94E384DA2764518C001B4F49 /* mbientSwiftUI */ = {isa = PBXFileReference; lastKnownFileType = folder; name = mbientSwiftUI; path = ../../mbientSwiftUI/mbientSwiftUI; sourceTree = "<group>"; };
		94E3A7F0275FF50C007E2BAE /* HistoryScreenVM.swift */ = {isa = PBXFileReference; lastKnownFileType = sourcecode.swift; path = HistoryScreenVM.swift; sourceTree = "<group>"; };
		94E3A7F2275FF519007E2BAE /* AboutDeviceVM.swift */ = {isa = PBXFileReference; lastKnownFileType = sourcecode.swift; path = AboutDeviceVM.swift; sourceTree = "<group>"; };
		94E3A7F4275FF557007E2BAE /* HistoryScreen.swift */ = {isa = PBXFileReference; lastKnownFileType = sourcecode.swift; path = HistoryScreen.swift; sourceTree = "<group>"; };
		94E3A7F927603238007E2BAE /* IdentifyByLEDButton.swift */ = {isa = PBXFileReference; lastKnownFileType = sourcecode.swift; path = IdentifyByLEDButton.swift; sourceTree = "<group>"; };
		94E3A7FC27607075007E2BAE /* ConnectionButton.swift */ = {isa = PBXFileReference; lastKnownFileType = sourcecode.swift; path = ConnectionButton.swift; sourceTree = "<group>"; };
		94E3A80027608BE3007E2BAE /* Configure+Tile.swift */ = {isa = PBXFileReference; fileEncoding = 4; lastKnownFileType = sourcecode.swift; path = "Configure+Tile.swift"; sourceTree = "<group>"; };
		94E3A80527608BF8007E2BAE /* ProgressScreen.swift */ = {isa = PBXFileReference; fileEncoding = 4; lastKnownFileType = sourcecode.swift; path = ProgressScreen.swift; sourceTree = "<group>"; };
		94E3A80827608ED7007E2BAE /* SensorConfigContainer.swift */ = {isa = PBXFileReference; lastKnownFileType = sourcecode.swift; path = SensorConfigContainer.swift; sourceTree = "<group>"; };
		94EBA39E275A128A008C62E7 /* ConfigureScreen.swift */ = {isa = PBXFileReference; lastKnownFileType = sourcecode.swift; path = ConfigureScreen.swift; sourceTree = "<group>"; };
		94EBA3A0275A1298008C62E7 /* ActionScreen.swift */ = {isa = PBXFileReference; lastKnownFileType = sourcecode.swift; path = ActionScreen.swift; sourceTree = "<group>"; };
		94EBA3A2275A14DE008C62E7 /* Dimensions.swift */ = {isa = PBXFileReference; lastKnownFileType = sourcecode.swift; path = Dimensions.swift; sourceTree = "<group>"; };
/* End PBXFileReference section */

/* Begin PBXFrameworksBuildPhase section */
		94E005CE275A07E9001B0DFD /* Frameworks */ = {
			isa = PBXFrameworksBuildPhase;
			buildActionMask = 2147483647;
			files = (
				94801C7C275A9264005574DF /* MetaWearMetadata in Frameworks */,
				94934FD3275A09E700E388FF /* MetaWear in Frameworks */,
				94935010275A0F0A00E388FF /* mbientSwiftUI in Frameworks */,
			);
			runOnlyForDeploymentPostprocessing = 0;
		};
		94E005D4275A07E9001B0DFD /* Frameworks */ = {
			isa = PBXFrameworksBuildPhase;
			buildActionMask = 2147483647;
			files = (
				94801C80275A926E005574DF /* MetaWearMetadata in Frameworks */,
				94934FD5275A09EE00E388FF /* MetaWear in Frameworks */,
				94935012275A0F1000E388FF /* mbientSwiftUI in Frameworks */,
			);
			runOnlyForDeploymentPostprocessing = 0;
		};
		94E005DB275A07E9001B0DFD /* Frameworks */ = {
			isa = PBXFrameworksBuildPhase;
			buildActionMask = 2147483647;
			files = (
				945494F727656A800021E3D6 /* MetaWear in Frameworks */,
				945494FD27656A910021E3D6 /* MetaWearMetadata in Frameworks */,
			);
			runOnlyForDeploymentPostprocessing = 0;
		};
		94E005E7275A07E9001B0DFD /* Frameworks */ = {
			isa = PBXFrameworksBuildPhase;
			buildActionMask = 2147483647;
			files = (
				945494F927656A840021E3D6 /* MetaWear in Frameworks */,
				945494FB27656A8C0021E3D6 /* MetaWearMetadata in Frameworks */,
			);
			runOnlyForDeploymentPostprocessing = 0;
		};
/* End PBXFrameworksBuildPhase section */

/* Begin PBXGroup section */
		9409C5BE27613828001FE850 /* VMs */ = {
			isa = PBXGroup;
			children = (
				9409C5BF2761383E001FE850 /* SensorConfigurationVM.swift */,
				9409C5C127613890001FE850 /* SensorUserParameters.swift */,
				94E3A80827608ED7007E2BAE /* SensorConfigContainer.swift */,
				9409C5C827617F35001FE850 /* LegalSensorParameters.swift */,
			);
			path = VMs;
			sourceTree = "<group>";
		};
		9409C5D42762A34E001FE850 /* VMs */ = {
			isa = PBXGroup;
			children = (
				9409C5C527613C7F001FE850 /* MetaWear+WriteSensorMacro.swift */,
				9409C5D52762A367001FE850 /* ActionVM.swift */,
				9409C5D82762D7DA001FE850 /* ActionState.swift */,
				9409C5E72763B764001FE850 /* ActionType.swift */,
				944538BC2767DCE000841880 /* StreamingCountersContainer.swift */,
			);
			path = VMs;
			sourceTree = "<group>";
		};
		9413CEB4275B13F900A36B5E /* Screens */ = {
			isa = PBXGroup;
			children = (
				94528563275BE0D8004D815B /* MainWindow.swift */,
				94934FD8275A0BCB00E388FF /* 1_Choose */,
				94934FD9275A0C0A00E388FF /* 2_History */,
				94934FDA275A0C1400E388FF /* 3_Configure */,
				94934FDB275A0C5800E388FF /* 4_Action */,
			);
			path = Screens;
			sourceTree = "<group>";
		};
		9420E580275A090600A841D6 /* iOS */ = {
			isa = PBXGroup;
			children = (
			);
			path = iOS;
			sourceTree = "<group>";
		};
		9420E581275A097200A841D6 /* Packages */ = {
			isa = PBXGroup;
			children = (
				9420E582275A097200A841D6 /* MetaWear-iOS-Combine-SDK */,
				94E384DA2764518C001B4F49 /* mbientSwiftUI */,
			);
			name = Packages;
			sourceTree = "<group>";
		};
		94528572275BE454004D815B /* Overlays */ = {
			isa = PBXGroup;
			children = (
				94528573275BE45F004D815B /* AlertVendors.swift */,
				94528576275BE4BE004D815B /* MetaWearDiscoveryVM.swift */,
				9452856F275BE248004D815B /* BLEStateWarningsVM.swift */,
			);
			path = Overlays;
			sourceTree = "<group>";
		};
		94934FD1275A09E700E388FF /* Frameworks */ = {
			isa = PBXGroup;
			children = (
			);
			name = Frameworks;
			sourceTree = "<group>";
		};
		94934FD8275A0BCB00E388FF /* 1_Choose */ = {
			isa = PBXGroup;
			children = (
				94DFEC60275D458D00BB80DB /* VMs */,
				94CF3EFC276427F100C2D8B0 /* ChooseDevicesScreen.swift */,
				94528554275BDDB9004D815B /* Choose+Grids.swift */,
				94528557275BDE1E004D815B /* Choose+DeviceIterator.swift */,
				9452855A275BDEE2004D815B /* Choose+DeviceCell.swift */,
				94528551275BDD81004D815B /* Choose+ToolbarScanningIcon.swift */,
				94DFEC5D275D389700BB80DB /* Choose+UnknownDeviceCell.swift */,
				94528579275BE77A004D815B /* Choose+EditGroup.swift */,
				9452855D275BDEED004D815B /* Choose+NoDevicesFound.swift */,
			);
			path = 1_Choose;
			sourceTree = "<group>";
		};
		94934FD9275A0C0A00E388FF /* 2_History */ = {
			isa = PBXGroup;
			children = (
				94E3A7EF275FF4FE007E2BAE /* VMs */,
				94E3A7F4275FF557007E2BAE /* HistoryScreen.swift */,
				94A165BE275F2F8600FA355D /* History+About.swift */,
				94A165BD275F2F8600FA355D /* History+SessionsList.swift */,
			);
			path = 2_History;
			sourceTree = "<group>";
		};
		94934FDA275A0C1400E388FF /* 3_Configure */ = {
			isa = PBXGroup;
			children = (
				9409C5BE27613828001FE850 /* VMs */,
				94EBA39E275A128A008C62E7 /* ConfigureScreen.swift */,
				9409C5CE2762969B001FE850 /* Configure+Grid.swift */,
				9409C5CB2761F438001FE850 /* Configure+SensorIterator.swift */,
				94E3A80027608BE3007E2BAE /* Configure+Tile.swift */,
				9409C5D12762971D001FE850 /* Configure+CTAs.swift */,
			);
			path = 3_Configure;
			sourceTree = "<group>";
		};
		94934FDB275A0C5800E388FF /* 4_Action */ = {
			isa = PBXGroup;
			children = (
				9409C5D42762A34E001FE850 /* VMs */,
				94EBA3A0275A1298008C62E7 /* ActionScreen.swift */,
				9409C5DB2762E17D001FE850 /* Action+Row.swift */,
				9409C5DE2762E186001FE850 /* Action+ProgrammingState.swift */,
				94E3A80527608BF8007E2BAE /* ProgressScreen.swift */,
				9409C5E12762E3FB001FE850 /* ActionScreen+CTAs.swift */,
				9409C5E42762E732001FE850 /* ActionHeader.swift */,
			);
			path = 4_Action;
			sourceTree = "<group>";
		};
		94934FDC275A0C8800E388FF /* UI */ = {
			isa = PBXGroup;
			children = (
				9413CEAD275B10C100A36B5E /* UIFactory.swift */,
				94934FEF275A0DB100E388FF /* Buttons */,
				94934FEE275A0DAC00E388FF /* Labels */,
				94934FED275A0DA100E388FF /* Symbols */,
				94934FE4275A0D1D00E388FF /* Constants */,
				94934FDD275A0CB000E388FF /* Ext */,
			);
			path = UI;
			sourceTree = "<group>";
		};
		94934FDD275A0CB000E388FF /* Ext */ = {
			isa = PBXGroup;
			children = (
				94CF3F1B276428CA00C2D8B0 /* DispatchQueue+AsyncAfter.swift */,
				94CF3F1A276428CA00C2D8B0 /* Transitions.swift */,
			);
			path = Ext;
			sourceTree = "<group>";
		};
		94934FE4275A0D1D00E388FF /* Constants */ = {
			isa = PBXGroup;
			children = (
				94EBA3A2275A14DE008C62E7 /* Dimensions.swift */,
			);
			path = Constants;
			sourceTree = "<group>";
		};
		94934FE5275A0D3C00E388FF /* Support */ = {
			isa = PBXGroup;
			children = (
				94CF3F20276428F000C2D8B0 /* Images.swift */,
				94E005CC275A07E9001B0DFD /* Assets.xcassets */,
			);
			name = Support;
			sourceTree = "<group>";
		};
		94934FED275A0DA100E388FF /* Symbols */ = {
			isa = PBXGroup;
			children = (
				94CF3F14276428A300C2D8B0 /* LargeSignalDots.swift */,
				94CF3F15276428A400C2D8B0 /* MetaWearAtom.swift */,
				944538952767032D00841880 /* MetaWearImage.swift */,
			);
			path = Symbols;
			sourceTree = "<group>";
		};
		94934FEE275A0DAC00E388FF /* Labels */ = {
			isa = PBXGroup;
			children = (
				94CF3F052764286B00C2D8B0 /* Header.swift */,
				94CF3F092764286B00C2D8B0 /* LabeledItem.swift */,
				94CF3F072764286B00C2D8B0 /* ProgressBar.swift */,
				94CF3F062764286B00C2D8B0 /* SpotlightShimmerText.swift */,
				94CF3F082764286B00C2D8B0 /* Subhead.swift */,
			);
			path = Labels;
			sourceTree = "<group>";
		};
		94934FEF275A0DB100E388FF /* Buttons */ = {
			isa = PBXGroup;
			children = (
				94E3A7FC27607075007E2BAE /* ConnectionButton.swift */,
				94CF3EFF2764282300C2D8B0 /* CTAButton.swift */,
				94E3A7F927603238007E2BAE /* IdentifyByLEDButton.swift */,
				94CF3F002764282300C2D8B0 /* MiniMenuButton.swift */,
			);
			path = Buttons;
			sourceTree = "<group>";
		};
		94DFEC60275D458D00BB80DB /* VMs */ = {
			isa = PBXGroup;
			children = (
				94935019275A112200E388FF /* DiscoveryListVM.swift */,
				94DFEC61275D459B00BB80DB /* ItemVM.swift */,
				94935022275A11C600E388FF /* KnownItemVM.swift */,
				94DFEC64275D45F000BB80DB /* UnknownDeviceVM.swift */,
			);
			path = VMs;
			sourceTree = "<group>";
		};
		94E005C4275A07E9001B0DFD = {
			isa = PBXGroup;
			children = (
				94A165BB275E8E0C00FA355D /* MetaBase (iOS).entitlements */,
				94934FD7275A0A4200E388FF /* MetaBase--macOS--Info.plist */,
				94934FD6275A0A2E00E388FF /* MetaBase--iOS--Info.plist */,
				9420E581275A097200A841D6 /* Packages */,
				94E005C9275A07E9001B0DFD /* Shared */,
				9420E580275A090600A841D6 /* iOS */,
				94E005D8275A07E9001B0DFD /* macOS */,
				94E005E1275A07E9001B0DFD /* Tests iOS */,
				94E005ED275A07E9001B0DFD /* Tests macOS */,
				94E005D2275A07E9001B0DFD /* Products */,
				94934FD1275A09E700E388FF /* Frameworks */,
			);
			sourceTree = "<group>";
		};
		94E005C9275A07E9001B0DFD /* Shared */ = {
			isa = PBXGroup;
			children = (
				94E005CA275A07E9001B0DFD /* MetaBaseApp.swift */,
				9452856C275BE1D5004D815B /* Root.swift */,
				94CF3EF9276427C300C2D8B0 /* Routing.swift */,
				94528560275BDF8D004D815B /* UserDefaults+Singleton.swift */,
				9413CEB4275B13F900A36B5E /* Screens */,
				94528572275BE454004D815B /* Overlays */,
				94934FDC275A0C8800E388FF /* UI */,
				94934FE5275A0D3C00E388FF /* Support */,
			);
			path = Shared;
			sourceTree = "<group>";
		};
		94E005D2275A07E9001B0DFD /* Products */ = {
			isa = PBXGroup;
			children = (
				94E005D1275A07E9001B0DFD /* MetaBase.app */,
				94E005D7275A07E9001B0DFD /* MetaBase.app */,
				94E005DE275A07E9001B0DFD /* Tests iOS.xctest */,
				94E005EA275A07E9001B0DFD /* Tests macOS.xctest */,
			);
			name = Products;
			sourceTree = "<group>";
		};
		94E005D8275A07E9001B0DFD /* macOS */ = {
			isa = PBXGroup;
			children = (
				94E005D9275A07E9001B0DFD /* macOS.entitlements */,
			);
			path = macOS;
			sourceTree = "<group>";
		};
		94E005E1275A07E9001B0DFD /* Tests iOS */ = {
			isa = PBXGroup;
			children = (
				94E005E2275A07E9001B0DFD /* Tests_iOS.swift */,
				94E005E4275A07E9001B0DFD /* Tests_iOSLaunchTests.swift */,
			);
			path = "Tests iOS";
			sourceTree = "<group>";
		};
		94E005ED275A07E9001B0DFD /* Tests macOS */ = {
			isa = PBXGroup;
			children = (
				94E005EE275A07E9001B0DFD /* Tests_macOS.swift */,
				94E005F0275A07E9001B0DFD /* Tests_macOSLaunchTests.swift */,
			);
			path = "Tests macOS";
			sourceTree = "<group>";
		};
		94E3A7EF275FF4FE007E2BAE /* VMs */ = {
			isa = PBXGroup;
			children = (
				94E3A7F0275FF50C007E2BAE /* HistoryScreenVM.swift */,
				94E3A7F2275FF519007E2BAE /* AboutDeviceVM.swift */,
			);
			path = VMs;
			sourceTree = "<group>";
		};
/* End PBXGroup section */

/* Begin PBXNativeTarget section */
		94E005D0275A07E9001B0DFD /* MetaBase (iOS) */ = {
			isa = PBXNativeTarget;
			buildConfigurationList = 94E005FA275A07E9001B0DFD /* Build configuration list for PBXNativeTarget "MetaBase (iOS)" */;
			buildPhases = (
				94E005CD275A07E9001B0DFD /* Sources */,
				94E005CE275A07E9001B0DFD /* Frameworks */,
				94E005CF275A07E9001B0DFD /* Resources */,
			);
			buildRules = (
			);
			dependencies = (
			);
			name = "MetaBase (iOS)";
			packageProductDependencies = (
				94934FD2275A09E700E388FF /* MetaWear */,
				9493500F275A0F0A00E388FF /* mbientSwiftUI */,
				94801C7B275A9264005574DF /* MetaWearMetadata */,
			);
			productName = "MetaBase (iOS)";
			productReference = 94E005D1275A07E9001B0DFD /* MetaBase.app */;
			productType = "com.apple.product-type.application";
		};
		94E005D6275A07E9001B0DFD /* MetaBase (macOS) */ = {
			isa = PBXNativeTarget;
			buildConfigurationList = 94E005FD275A07E9001B0DFD /* Build configuration list for PBXNativeTarget "MetaBase (macOS)" */;
			buildPhases = (
				94E005D3275A07E9001B0DFD /* Sources */,
				94E005D4275A07E9001B0DFD /* Frameworks */,
				94E005D5275A07E9001B0DFD /* Resources */,
			);
			buildRules = (
			);
			dependencies = (
			);
			name = "MetaBase (macOS)";
			packageProductDependencies = (
				94934FD4275A09EE00E388FF /* MetaWear */,
				94935011275A0F1000E388FF /* mbientSwiftUI */,
				94801C7F275A926E005574DF /* MetaWearMetadata */,
			);
			productName = "MetaBase (macOS)";
			productReference = 94E005D7275A07E9001B0DFD /* MetaBase.app */;
			productType = "com.apple.product-type.application";
		};
		94E005DD275A07E9001B0DFD /* Tests iOS */ = {
			isa = PBXNativeTarget;
			buildConfigurationList = 94E00600275A07E9001B0DFD /* Build configuration list for PBXNativeTarget "Tests iOS" */;
			buildPhases = (
				94E005DA275A07E9001B0DFD /* Sources */,
				94E005DB275A07E9001B0DFD /* Frameworks */,
				94E005DC275A07E9001B0DFD /* Resources */,
			);
			buildRules = (
			);
			dependencies = (
				94E005E0275A07E9001B0DFD /* PBXTargetDependency */,
			);
			name = "Tests iOS";
			packageProductDependencies = (
				945494F627656A800021E3D6 /* MetaWear */,
				945494FC27656A910021E3D6 /* MetaWearMetadata */,
			);
			productName = "Tests iOS";
			productReference = 94E005DE275A07E9001B0DFD /* Tests iOS.xctest */;
			productType = "com.apple.product-type.bundle.ui-testing";
		};
		94E005E9275A07E9001B0DFD /* Tests macOS */ = {
			isa = PBXNativeTarget;
			buildConfigurationList = 94E00603275A07E9001B0DFD /* Build configuration list for PBXNativeTarget "Tests macOS" */;
			buildPhases = (
				94E005E6275A07E9001B0DFD /* Sources */,
				94E005E7275A07E9001B0DFD /* Frameworks */,
				94E005E8275A07E9001B0DFD /* Resources */,
			);
			buildRules = (
			);
			dependencies = (
				94E005EC275A07E9001B0DFD /* PBXTargetDependency */,
			);
			name = "Tests macOS";
			packageProductDependencies = (
				945494F827656A840021E3D6 /* MetaWear */,
				945494FA27656A8C0021E3D6 /* MetaWearMetadata */,
			);
			productName = "Tests macOS";
			productReference = 94E005EA275A07E9001B0DFD /* Tests macOS.xctest */;
			productType = "com.apple.product-type.bundle.ui-testing";
		};
/* End PBXNativeTarget section */

/* Begin PBXProject section */
		94E005C5275A07E9001B0DFD /* Project object */ = {
			isa = PBXProject;
			attributes = {
				BuildIndependentTargetsInParallel = 1;
				LastSwiftUpdateCheck = 1320;
				LastUpgradeCheck = 1310;
				TargetAttributes = {
					94E005D0275A07E9001B0DFD = {
						CreatedOnToolsVersion = 13.2;
					};
					94E005D6275A07E9001B0DFD = {
						CreatedOnToolsVersion = 13.2;
					};
					94E005DD275A07E9001B0DFD = {
						CreatedOnToolsVersion = 13.2;
						TestTargetID = 94E005D0275A07E9001B0DFD;
					};
					94E005E9275A07E9001B0DFD = {
						CreatedOnToolsVersion = 13.2;
						TestTargetID = 94E005D6275A07E9001B0DFD;
					};
				};
			};
			buildConfigurationList = 94E005C8275A07E9001B0DFD /* Build configuration list for PBXProject "MetaBase" */;
			compatibilityVersion = "Xcode 13.0";
			developmentRegion = en;
			hasScannedForEncodings = 0;
			knownRegions = (
				en,
				Base,
			);
			mainGroup = 94E005C4275A07E9001B0DFD;
			productRefGroup = 94E005D2275A07E9001B0DFD /* Products */;
			projectDirPath = "";
			projectRoot = "";
			targets = (
				94E005D0275A07E9001B0DFD /* MetaBase (iOS) */,
				94E005D6275A07E9001B0DFD /* MetaBase (macOS) */,
				94E005DD275A07E9001B0DFD /* Tests iOS */,
				94E005E9275A07E9001B0DFD /* Tests macOS */,
			);
		};
/* End PBXProject section */

/* Begin PBXResourcesBuildPhase section */
		94E005CF275A07E9001B0DFD /* Resources */ = {
			isa = PBXResourcesBuildPhase;
			buildActionMask = 2147483647;
			files = (
				94E005F6275A07E9001B0DFD /* Assets.xcassets in Resources */,
			);
			runOnlyForDeploymentPostprocessing = 0;
		};
		94E005D5275A07E9001B0DFD /* Resources */ = {
			isa = PBXResourcesBuildPhase;
			buildActionMask = 2147483647;
			files = (
				94E005F7275A07E9001B0DFD /* Assets.xcassets in Resources */,
			);
			runOnlyForDeploymentPostprocessing = 0;
		};
		94E005DC275A07E9001B0DFD /* Resources */ = {
			isa = PBXResourcesBuildPhase;
			buildActionMask = 2147483647;
			files = (
			);
			runOnlyForDeploymentPostprocessing = 0;
		};
		94E005E8275A07E9001B0DFD /* Resources */ = {
			isa = PBXResourcesBuildPhase;
			buildActionMask = 2147483647;
			files = (
			);
			runOnlyForDeploymentPostprocessing = 0;
		};
/* End PBXResourcesBuildPhase section */

/* Begin PBXSourcesBuildPhase section */
		94E005CD275A07E9001B0DFD /* Sources */ = {
			isa = PBXSourcesBuildPhase;
			buildActionMask = 2147483647;
			files = (
				94CF3EFD276427F100C2D8B0 /* ChooseDevicesScreen.swift in Sources */,
				9409C5D62762A367001FE850 /* ActionVM.swift in Sources */,
				944538962767032D00841880 /* MetaWearImage.swift in Sources */,
				9409C5C627613C7F001FE850 /* MetaWear+WriteSensorMacro.swift in Sources */,
				94CF3F122764286B00C2D8B0 /* LabeledItem.swift in Sources */,
				94E3A80927608ED7007E2BAE /* SensorConfigContainer.swift in Sources */,
				9452855E275BDEED004D815B /* Choose+NoDevicesFound.swift in Sources */,
				94DFEC65275D45F000BB80DB /* UnknownDeviceVM.swift in Sources */,
				9409C5E82763B764001FE850 /* ActionType.swift in Sources */,
				94CF3F1E276428CA00C2D8B0 /* DispatchQueue+AsyncAfter.swift in Sources */,
				944538BD2767DCE000841880 /* StreamingCountersContainer.swift in Sources */,
				94E3A80327608BE3007E2BAE /* Configure+Tile.swift in Sources */,
				9409C5E52762E732001FE850 /* ActionHeader.swift in Sources */,
				94EBA3A1275A1298008C62E7 /* ActionScreen.swift in Sources */,
				9409C5D92762D7DA001FE850 /* ActionState.swift in Sources */,
				9452857A275BE77A004D815B /* Choose+EditGroup.swift in Sources */,
				94EBA39F275A128A008C62E7 /* ConfigureScreen.swift in Sources */,
				94528574275BE45F004D815B /* AlertVendors.swift in Sources */,
				94528561275BDF8D004D815B /* UserDefaults+Singleton.swift in Sources */,
				94528564275BE0D8004D815B /* MainWindow.swift in Sources */,
				94E3A7FD27607075007E2BAE /* ConnectionButton.swift in Sources */,
				94935023275A11C600E388FF /* KnownItemVM.swift in Sources */,
				94CF3EFA276427C300C2D8B0 /* Routing.swift in Sources */,
				9409C5DC2762E17D001FE850 /* Action+Row.swift in Sources */,
				9409C5CF2762969B001FE850 /* Configure+Grid.swift in Sources */,
				94E3A7FA27603238007E2BAE /* IdentifyByLEDButton.swift in Sources */,
				94CF3F18276428A400C2D8B0 /* MetaWearAtom.swift in Sources */,
				94528555275BDDB9004D815B /* Choose+Grids.swift in Sources */,
				94CF3F0A2764286B00C2D8B0 /* Header.swift in Sources */,
				9409C5C02761383E001FE850 /* SensorConfigurationVM.swift in Sources */,
				94E3A7F3275FF519007E2BAE /* AboutDeviceVM.swift in Sources */,
				9413CEAF275B118600A36B5E /* UIFactory.swift in Sources */,
				94528577275BE4BE004D815B /* MetaWearDiscoveryVM.swift in Sources */,
				9452856D275BE1D5004D815B /* Root.swift in Sources */,
				94DFEC5E275D389700BB80DB /* Choose+UnknownDeviceCell.swift in Sources */,
				94CF3F0C2764286B00C2D8B0 /* SpotlightShimmerText.swift in Sources */,
				94CF3F16276428A400C2D8B0 /* LargeSignalDots.swift in Sources */,
				9452855B275BDEE2004D815B /* Choose+DeviceCell.swift in Sources */,
				94DFEC62275D459B00BB80DB /* ItemVM.swift in Sources */,
				94CF3F21276428F000C2D8B0 /* Images.swift in Sources */,
				9409C5C927617F35001FE850 /* LegalSensorParameters.swift in Sources */,
				9409C5DF2762E187001FE850 /* Action+ProgrammingState.swift in Sources */,
				9409C5C227613890001FE850 /* SensorUserParameters.swift in Sources */,
				94E3A7F1275FF50C007E2BAE /* HistoryScreenVM.swift in Sources */,
				94CF3F012764282300C2D8B0 /* CTAButton.swift in Sources */,
				94CF3F1C276428CA00C2D8B0 /* Transitions.swift in Sources */,
				94E3A80627608BF8007E2BAE /* ProgressScreen.swift in Sources */,
				94CF3F0E2764286B00C2D8B0 /* ProgressBar.swift in Sources */,
				94528552275BDD81004D815B /* Choose+ToolbarScanningIcon.swift in Sources */,
				94E005F2275A07E9001B0DFD /* MetaBaseApp.swift in Sources */,
				94CF3F032764282300C2D8B0 /* MiniMenuButton.swift in Sources */,
				94E3A7F5275FF557007E2BAE /* HistoryScreen.swift in Sources */,
				94528558275BDE1E004D815B /* Choose+DeviceIterator.swift in Sources */,
				9409C5D22762971D001FE850 /* Configure+CTAs.swift in Sources */,
				9409C5CC2761F438001FE850 /* Configure+SensorIterator.swift in Sources */,
				9493501A275A112200E388FF /* DiscoveryListVM.swift in Sources */,
				9409C5E22762E3FB001FE850 /* ActionScreen+CTAs.swift in Sources */,
				94A165C1275F2F8600FA355D /* History+SessionsList.swift in Sources */,
				94528570275BE248004D815B /* BLEStateWarningsVM.swift in Sources */,
				94EBA3A3275A14DE008C62E7 /* Dimensions.swift in Sources */,
				94A165C3275F2F8600FA355D /* History+About.swift in Sources */,
				94CF3F102764286B00C2D8B0 /* Subhead.swift in Sources */,
			);
			runOnlyForDeploymentPostprocessing = 0;
		};
		94E005D3275A07E9001B0DFD /* Sources */ = {
			isa = PBXSourcesBuildPhase;
			buildActionMask = 2147483647;
			files = (
				94CF3EFE276427F100C2D8B0 /* ChooseDevicesScreen.swift in Sources */,
				9409C5D72762A367001FE850 /* ActionVM.swift in Sources */,
				944538972767032D00841880 /* MetaWearImage.swift in Sources */,
				9409C5C727613C7F001FE850 /* MetaWear+WriteSensorMacro.swift in Sources */,
				94CF3F132764286B00C2D8B0 /* LabeledItem.swift in Sources */,
				9409C5C327613890001FE850 /* SensorUserParameters.swift in Sources */,
				94E3A80A27608ED7007E2BAE /* SensorConfigContainer.swift in Sources */,
				94528567275BE128004D815B /* ConfigureScreen.swift in Sources */,
				9409C5E92763B764001FE850 /* ActionType.swift in Sources */,
				94DFEC66275D45F000BB80DB /* UnknownDeviceVM.swift in Sources */,
				944538BE2767DCE000841880 /* StreamingCountersContainer.swift in Sources */,
				94CF3F1F276428CA00C2D8B0 /* DispatchQueue+AsyncAfter.swift in Sources */,
				9409C5E62762E732001FE850 /* ActionHeader.swift in Sources */,
				94E3A80427608BE3007E2BAE /* Configure+Tile.swift in Sources */,
				9409C5DA2762D7DA001FE850 /* ActionState.swift in Sources */,
				94E3A7F6275FF5CF007E2BAE /* HistoryScreen.swift in Sources */,
				9493501B275A112200E388FF /* DiscoveryListVM.swift in Sources */,
				94E3A7F8275FF5DD007E2BAE /* HistoryScreenVM.swift in Sources */,
				9452857B275BE77A004D815B /* Choose+EditGroup.swift in Sources */,
				9452855C275BDEE2004D815B /* Choose+DeviceCell.swift in Sources */,
				94E3A7FE27607075007E2BAE /* ConnectionButton.swift in Sources */,
				9409C5DD2762E17D001FE850 /* Action+Row.swift in Sources */,
				94CF3EFB276427C300C2D8B0 /* Routing.swift in Sources */,
				9409C5D02762969B001FE850 /* Configure+Grid.swift in Sources */,
				94528575275BE45F004D815B /* AlertVendors.swift in Sources */,
				94E3A7FB276032BD007E2BAE /* IdentifyByLEDButton.swift in Sources */,
				94CF3F0B2764286B00C2D8B0 /* Header.swift in Sources */,
				94CF3F19276428A400C2D8B0 /* MetaWearAtom.swift in Sources */,
				94528553275BDD81004D815B /* Choose+ToolbarScanningIcon.swift in Sources */,
				94528556275BDDB9004D815B /* Choose+Grids.swift in Sources */,
				94528568275BE12B004D815B /* ActionScreen.swift in Sources */,
				94528578275BE4BE004D815B /* MetaWearDiscoveryVM.swift in Sources */,
				94CF3F0D2764286B00C2D8B0 /* SpotlightShimmerText.swift in Sources */,
				94935024275A11C600E388FF /* KnownItemVM.swift in Sources */,
				9452856E275BE1D5004D815B /* Root.swift in Sources */,
				94CF3F17276428A400C2D8B0 /* LargeSignalDots.swift in Sources */,
				9413CEAE275B118600A36B5E /* UIFactory.swift in Sources */,
				94DFEC5F275D389700BB80DB /* Choose+UnknownDeviceCell.swift in Sources */,
				94E005F3275A07E9001B0DFD /* MetaBaseApp.swift in Sources */,
				94CF3F22276428F000C2D8B0 /* Images.swift in Sources */,
				94EBA3A6275A160A008C62E7 /* Dimensions.swift in Sources */,
				9409C5CA27617F35001FE850 /* LegalSensorParameters.swift in Sources */,
				9409C5E02762E187001FE850 /* Action+ProgrammingState.swift in Sources */,
				94E3A7F7275FF5DD007E2BAE /* AboutDeviceVM.swift in Sources */,
				94E3A80727608BF8007E2BAE /* ProgressScreen.swift in Sources */,
				94CF3F1D276428CA00C2D8B0 /* Transitions.swift in Sources */,
				94DFEC63275D459B00BB80DB /* ItemVM.swift in Sources */,
				94CF3F0F2764286B00C2D8B0 /* ProgressBar.swift in Sources */,
				94CF3F022764282300C2D8B0 /* CTAButton.swift in Sources */,
				94528565275BE0D8004D815B /* MainWindow.swift in Sources */,
				9452855F275BDEED004D815B /* Choose+NoDevicesFound.swift in Sources */,
				94CF3F042764282300C2D8B0 /* MiniMenuButton.swift in Sources */,
				94528562275BDF8D004D815B /* UserDefaults+Singleton.swift in Sources */,
				9409C5D32762971D001FE850 /* Configure+CTAs.swift in Sources */,
				9409C5CD2761F438001FE850 /* Configure+SensorIterator.swift in Sources */,
				94A165C2275F2F8600FA355D /* History+SessionsList.swift in Sources */,
				9409C5E32762E3FB001FE850 /* ActionScreen+CTAs.swift in Sources */,
				9409C5C427613895001FE850 /* SensorConfigurationVM.swift in Sources */,
				94528571275BE248004D815B /* BLEStateWarningsVM.swift in Sources */,
				94A165C4275F2F8600FA355D /* History+About.swift in Sources */,
				94528559275BDE1E004D815B /* Choose+DeviceIterator.swift in Sources */,
				94CF3F112764286B00C2D8B0 /* Subhead.swift in Sources */,
			);
			runOnlyForDeploymentPostprocessing = 0;
		};
		94E005DA275A07E9001B0DFD /* Sources */ = {
			isa = PBXSourcesBuildPhase;
			buildActionMask = 2147483647;
			files = (
				94E005E5275A07E9001B0DFD /* Tests_iOSLaunchTests.swift in Sources */,
				94E005E3275A07E9001B0DFD /* Tests_iOS.swift in Sources */,
			);
			runOnlyForDeploymentPostprocessing = 0;
		};
		94E005E6275A07E9001B0DFD /* Sources */ = {
			isa = PBXSourcesBuildPhase;
			buildActionMask = 2147483647;
			files = (
				94E005F1275A07E9001B0DFD /* Tests_macOSLaunchTests.swift in Sources */,
				94E005EF275A07E9001B0DFD /* Tests_macOS.swift in Sources */,
			);
			runOnlyForDeploymentPostprocessing = 0;
		};
/* End PBXSourcesBuildPhase section */

/* Begin PBXTargetDependency section */
		94E005E0275A07E9001B0DFD /* PBXTargetDependency */ = {
			isa = PBXTargetDependency;
			target = 94E005D0275A07E9001B0DFD /* MetaBase (iOS) */;
			targetProxy = 94E005DF275A07E9001B0DFD /* PBXContainerItemProxy */;
		};
		94E005EC275A07E9001B0DFD /* PBXTargetDependency */ = {
			isa = PBXTargetDependency;
			target = 94E005D6275A07E9001B0DFD /* MetaBase (macOS) */;
			targetProxy = 94E005EB275A07E9001B0DFD /* PBXContainerItemProxy */;
		};
/* End PBXTargetDependency section */

/* Begin XCBuildConfiguration section */
		94E005F8275A07E9001B0DFD /* Debug */ = {
			isa = XCBuildConfiguration;
			buildSettings = {
				ALWAYS_SEARCH_USER_PATHS = NO;
				CLANG_ANALYZER_NONNULL = YES;
				CLANG_ANALYZER_NUMBER_OBJECT_CONVERSION = YES_AGGRESSIVE;
				CLANG_CXX_LANGUAGE_STANDARD = "gnu++17";
				CLANG_CXX_LIBRARY = "libc++";
				CLANG_ENABLE_MODULES = YES;
				CLANG_ENABLE_OBJC_ARC = YES;
				CLANG_ENABLE_OBJC_WEAK = YES;
				CLANG_WARN_BLOCK_CAPTURE_AUTORELEASING = YES;
				CLANG_WARN_BOOL_CONVERSION = YES;
				CLANG_WARN_COMMA = YES;
				CLANG_WARN_CONSTANT_CONVERSION = YES;
				CLANG_WARN_DEPRECATED_OBJC_IMPLEMENTATIONS = YES;
				CLANG_WARN_DIRECT_OBJC_ISA_USAGE = YES_ERROR;
				CLANG_WARN_DOCUMENTATION_COMMENTS = YES;
				CLANG_WARN_EMPTY_BODY = YES;
				CLANG_WARN_ENUM_CONVERSION = YES;
				CLANG_WARN_INFINITE_RECURSION = YES;
				CLANG_WARN_INT_CONVERSION = YES;
				CLANG_WARN_NON_LITERAL_NULL_CONVERSION = YES;
				CLANG_WARN_OBJC_IMPLICIT_RETAIN_SELF = YES;
				CLANG_WARN_OBJC_LITERAL_CONVERSION = YES;
				CLANG_WARN_OBJC_ROOT_CLASS = YES_ERROR;
				CLANG_WARN_QUOTED_INCLUDE_IN_FRAMEWORK_HEADER = YES;
				CLANG_WARN_RANGE_LOOP_ANALYSIS = YES;
				CLANG_WARN_STRICT_PROTOTYPES = YES;
				CLANG_WARN_SUSPICIOUS_MOVE = YES;
				CLANG_WARN_UNGUARDED_AVAILABILITY = YES_AGGRESSIVE;
				CLANG_WARN_UNREACHABLE_CODE = YES;
				CLANG_WARN__DUPLICATE_METHOD_MATCH = YES;
				COPY_PHASE_STRIP = NO;
				DEBUG_INFORMATION_FORMAT = dwarf;
				ENABLE_STRICT_OBJC_MSGSEND = YES;
				ENABLE_TESTABILITY = YES;
				GCC_C_LANGUAGE_STANDARD = gnu11;
				GCC_DYNAMIC_NO_PIC = NO;
				GCC_NO_COMMON_BLOCKS = YES;
				GCC_OPTIMIZATION_LEVEL = 0;
				GCC_PREPROCESSOR_DEFINITIONS = (
					"DEBUG=1",
					"$(inherited)",
				);
				GCC_WARN_64_TO_32_BIT_CONVERSION = YES;
				GCC_WARN_ABOUT_RETURN_TYPE = YES_ERROR;
				GCC_WARN_UNDECLARED_SELECTOR = YES;
				GCC_WARN_UNINITIALIZED_AUTOS = YES_AGGRESSIVE;
				GCC_WARN_UNUSED_FUNCTION = YES;
				GCC_WARN_UNUSED_VARIABLE = YES;
				MTL_ENABLE_DEBUG_INFO = INCLUDE_SOURCE;
				MTL_FAST_MATH = YES;
				ONLY_ACTIVE_ARCH = YES;
				SWIFT_ACTIVE_COMPILATION_CONDITIONS = DEBUG;
				SWIFT_OPTIMIZATION_LEVEL = "-Onone";
			};
			name = Debug;
		};
		94E005F9275A07E9001B0DFD /* Release */ = {
			isa = XCBuildConfiguration;
			buildSettings = {
				ALWAYS_SEARCH_USER_PATHS = NO;
				CLANG_ANALYZER_NONNULL = YES;
				CLANG_ANALYZER_NUMBER_OBJECT_CONVERSION = YES_AGGRESSIVE;
				CLANG_CXX_LANGUAGE_STANDARD = "gnu++17";
				CLANG_CXX_LIBRARY = "libc++";
				CLANG_ENABLE_MODULES = YES;
				CLANG_ENABLE_OBJC_ARC = YES;
				CLANG_ENABLE_OBJC_WEAK = YES;
				CLANG_WARN_BLOCK_CAPTURE_AUTORELEASING = YES;
				CLANG_WARN_BOOL_CONVERSION = YES;
				CLANG_WARN_COMMA = YES;
				CLANG_WARN_CONSTANT_CONVERSION = YES;
				CLANG_WARN_DEPRECATED_OBJC_IMPLEMENTATIONS = YES;
				CLANG_WARN_DIRECT_OBJC_ISA_USAGE = YES_ERROR;
				CLANG_WARN_DOCUMENTATION_COMMENTS = YES;
				CLANG_WARN_EMPTY_BODY = YES;
				CLANG_WARN_ENUM_CONVERSION = YES;
				CLANG_WARN_INFINITE_RECURSION = YES;
				CLANG_WARN_INT_CONVERSION = YES;
				CLANG_WARN_NON_LITERAL_NULL_CONVERSION = YES;
				CLANG_WARN_OBJC_IMPLICIT_RETAIN_SELF = YES;
				CLANG_WARN_OBJC_LITERAL_CONVERSION = YES;
				CLANG_WARN_OBJC_ROOT_CLASS = YES_ERROR;
				CLANG_WARN_QUOTED_INCLUDE_IN_FRAMEWORK_HEADER = YES;
				CLANG_WARN_RANGE_LOOP_ANALYSIS = YES;
				CLANG_WARN_STRICT_PROTOTYPES = YES;
				CLANG_WARN_SUSPICIOUS_MOVE = YES;
				CLANG_WARN_UNGUARDED_AVAILABILITY = YES_AGGRESSIVE;
				CLANG_WARN_UNREACHABLE_CODE = YES;
				CLANG_WARN__DUPLICATE_METHOD_MATCH = YES;
				COPY_PHASE_STRIP = NO;
				DEBUG_INFORMATION_FORMAT = "dwarf-with-dsym";
				ENABLE_NS_ASSERTIONS = NO;
				ENABLE_STRICT_OBJC_MSGSEND = YES;
				GCC_C_LANGUAGE_STANDARD = gnu11;
				GCC_NO_COMMON_BLOCKS = YES;
				GCC_WARN_64_TO_32_BIT_CONVERSION = YES;
				GCC_WARN_ABOUT_RETURN_TYPE = YES_ERROR;
				GCC_WARN_UNDECLARED_SELECTOR = YES;
				GCC_WARN_UNINITIALIZED_AUTOS = YES_AGGRESSIVE;
				GCC_WARN_UNUSED_FUNCTION = YES;
				GCC_WARN_UNUSED_VARIABLE = YES;
				MTL_ENABLE_DEBUG_INFO = NO;
				MTL_FAST_MATH = YES;
				SWIFT_COMPILATION_MODE = wholemodule;
				SWIFT_OPTIMIZATION_LEVEL = "-O";
			};
			name = Release;
		};
		94E005FB275A07E9001B0DFD /* Debug */ = {
			isa = XCBuildConfiguration;
			buildSettings = {
				ASSETCATALOG_COMPILER_APPICON_NAME = AppIcon;
				ASSETCATALOG_COMPILER_GLOBAL_ACCENT_COLOR_NAME = AccentColor;
				CODE_SIGN_ENTITLEMENTS = "MetaBase (iOS).entitlements";
				CODE_SIGN_STYLE = Automatic;
				CURRENT_PROJECT_VERSION = 1;
				DEVELOPMENT_TEAM = S2273LZ6GL;
				ENABLE_PREVIEWS = YES;
				GENERATE_INFOPLIST_FILE = YES;
				INFOPLIST_FILE = "MetaBase--iOS--Info.plist";
				INFOPLIST_KEY_NSBluetoothAlwaysUsageDescription = "Connect and program your MetaWear Bluetooth Low Energy sesnsors.";
				INFOPLIST_KEY_NSBluetoothPeripheralUsageDescription = "Connect and program your MetaWear Bluetooth Low Energy sesnsors.";
				INFOPLIST_KEY_UIApplicationSceneManifest_Generation = YES;
				INFOPLIST_KEY_UIApplicationSupportsIndirectInputEvents = YES;
				INFOPLIST_KEY_UILaunchScreen_Generation = YES;
				INFOPLIST_KEY_UISupportedInterfaceOrientations_iPad = "UIInterfaceOrientationPortrait UIInterfaceOrientationPortraitUpsideDown UIInterfaceOrientationLandscapeLeft UIInterfaceOrientationLandscapeRight";
				INFOPLIST_KEY_UISupportedInterfaceOrientations_iPhone = "UIInterfaceOrientationPortrait UIInterfaceOrientationLandscapeLeft UIInterfaceOrientationLandscapeRight";
				IPHONEOS_DEPLOYMENT_TARGET = 14.2;
				LD_RUNPATH_SEARCH_PATHS = (
					"$(inherited)",
					"@executable_path/Frameworks",
				);
				MACOSX_DEPLOYMENT_TARGET = 11.0;
				MARKETING_VERSION = 1.0;
				PRODUCT_BUNDLE_IDENTIFIER = com.mbientlab.MetaBase;
				PRODUCT_NAME = MetaBase;
				SDKROOT = iphoneos;
				SWIFT_EMIT_LOC_STRINGS = YES;
				SWIFT_VERSION = 5.0;
				TARGETED_DEVICE_FAMILY = "1,2";
			};
			name = Debug;
		};
		94E005FC275A07E9001B0DFD /* Release */ = {
			isa = XCBuildConfiguration;
			buildSettings = {
				ASSETCATALOG_COMPILER_APPICON_NAME = AppIcon;
				ASSETCATALOG_COMPILER_GLOBAL_ACCENT_COLOR_NAME = AccentColor;
				CODE_SIGN_ENTITLEMENTS = "MetaBase (iOS).entitlements";
				CODE_SIGN_STYLE = Automatic;
				CURRENT_PROJECT_VERSION = 1;
				DEVELOPMENT_TEAM = S2273LZ6GL;
				ENABLE_PREVIEWS = YES;
				GENERATE_INFOPLIST_FILE = YES;
				INFOPLIST_FILE = "MetaBase--iOS--Info.plist";
				INFOPLIST_KEY_NSBluetoothAlwaysUsageDescription = "Connect and program your MetaWear Bluetooth Low Energy sesnsors.";
				INFOPLIST_KEY_NSBluetoothPeripheralUsageDescription = "Connect and program your MetaWear Bluetooth Low Energy sesnsors.";
				INFOPLIST_KEY_UIApplicationSceneManifest_Generation = YES;
				INFOPLIST_KEY_UIApplicationSupportsIndirectInputEvents = YES;
				INFOPLIST_KEY_UILaunchScreen_Generation = YES;
				INFOPLIST_KEY_UISupportedInterfaceOrientations_iPad = "UIInterfaceOrientationPortrait UIInterfaceOrientationPortraitUpsideDown UIInterfaceOrientationLandscapeLeft UIInterfaceOrientationLandscapeRight";
				INFOPLIST_KEY_UISupportedInterfaceOrientations_iPhone = "UIInterfaceOrientationPortrait UIInterfaceOrientationLandscapeLeft UIInterfaceOrientationLandscapeRight";
				IPHONEOS_DEPLOYMENT_TARGET = 14.2;
				LD_RUNPATH_SEARCH_PATHS = (
					"$(inherited)",
					"@executable_path/Frameworks",
				);
				MACOSX_DEPLOYMENT_TARGET = 11.0;
				MARKETING_VERSION = 1.0;
				PRODUCT_BUNDLE_IDENTIFIER = com.mbientlab.MetaBase;
				PRODUCT_NAME = MetaBase;
				SDKROOT = iphoneos;
				SWIFT_EMIT_LOC_STRINGS = YES;
				SWIFT_VERSION = 5.0;
				TARGETED_DEVICE_FAMILY = "1,2";
				VALIDATE_PRODUCT = YES;
			};
			name = Release;
		};
		94E005FE275A07E9001B0DFD /* Debug */ = {
			isa = XCBuildConfiguration;
			buildSettings = {
				ASSETCATALOG_COMPILER_APPICON_NAME = AppIcon;
				ASSETCATALOG_COMPILER_GLOBAL_ACCENT_COLOR_NAME = AccentColor;
				CODE_SIGN_ENTITLEMENTS = macOS/macOS.entitlements;
				CODE_SIGN_IDENTITY = "Apple Development";
				CODE_SIGN_STYLE = Automatic;
				COMBINE_HIDPI_IMAGES = YES;
				CURRENT_PROJECT_VERSION = 1;
				DEVELOPMENT_TEAM = S2273LZ6GL;
				ENABLE_HARDENED_RUNTIME = YES;
				ENABLE_PREVIEWS = YES;
				GENERATE_INFOPLIST_FILE = YES;
				INFOPLIST_FILE = "MetaBase--macOS--Info.plist";
				INFOPLIST_KEY_NSBluetoothAlwaysUsageDescription = "Connect and program your MetaWear Bluetooth Low Energy sesnsors.";
				INFOPLIST_KEY_NSBluetoothPeripheralUsageDescription = "Connect and program your MetaWear Bluetooth Low Energy sesnsors.";
				INFOPLIST_KEY_NSHumanReadableCopyright = "";
				IPHONEOS_DEPLOYMENT_TARGET = 14.0;
				LD_RUNPATH_SEARCH_PATHS = (
					"$(inherited)",
					"@executable_path/../Frameworks",
				);
				MACOSX_DEPLOYMENT_TARGET = 11.2;
				MARKETING_VERSION = 1.0;
				PRODUCT_BUNDLE_IDENTIFIER = com.mbientlab.MetaBase;
				PRODUCT_NAME = MetaBase;
				SDKROOT = macosx;
				SWIFT_EMIT_LOC_STRINGS = YES;
				SWIFT_VERSION = 5.0;
				TVOS_DEPLOYMENT_TARGET = 14.0;
				WATCHOS_DEPLOYMENT_TARGET = 7.5;
			};
			name = Debug;
		};
		94E005FF275A07E9001B0DFD /* Release */ = {
			isa = XCBuildConfiguration;
			buildSettings = {
				ASSETCATALOG_COMPILER_APPICON_NAME = AppIcon;
				ASSETCATALOG_COMPILER_GLOBAL_ACCENT_COLOR_NAME = AccentColor;
				CODE_SIGN_ENTITLEMENTS = macOS/macOS.entitlements;
				CODE_SIGN_IDENTITY = "Apple Development";
				CODE_SIGN_STYLE = Automatic;
				COMBINE_HIDPI_IMAGES = YES;
				CURRENT_PROJECT_VERSION = 1;
				DEVELOPMENT_TEAM = S2273LZ6GL;
				ENABLE_HARDENED_RUNTIME = YES;
				ENABLE_PREVIEWS = YES;
				GENERATE_INFOPLIST_FILE = YES;
				INFOPLIST_FILE = "MetaBase--macOS--Info.plist";
				INFOPLIST_KEY_NSBluetoothAlwaysUsageDescription = "Connect and program your MetaWear Bluetooth Low Energy sesnsors.";
				INFOPLIST_KEY_NSBluetoothPeripheralUsageDescription = "Connect and program your MetaWear Bluetooth Low Energy sesnsors.";
				INFOPLIST_KEY_NSHumanReadableCopyright = "";
				IPHONEOS_DEPLOYMENT_TARGET = 14.0;
				LD_RUNPATH_SEARCH_PATHS = (
					"$(inherited)",
					"@executable_path/../Frameworks",
				);
				MACOSX_DEPLOYMENT_TARGET = 11.2;
				MARKETING_VERSION = 1.0;
				PRODUCT_BUNDLE_IDENTIFIER = com.mbientlab.MetaBase;
				PRODUCT_NAME = MetaBase;
				SDKROOT = macosx;
				SWIFT_EMIT_LOC_STRINGS = YES;
				SWIFT_VERSION = 5.0;
				TVOS_DEPLOYMENT_TARGET = 14.0;
				WATCHOS_DEPLOYMENT_TARGET = 7.5;
			};
			name = Release;
		};
		94E00601275A07E9001B0DFD /* Debug */ = {
			isa = XCBuildConfiguration;
			buildSettings = {
				ALWAYS_EMBED_SWIFT_STANDARD_LIBRARIES = YES;
				CODE_SIGN_STYLE = Automatic;
				CURRENT_PROJECT_VERSION = 1;
				DEVELOPMENT_TEAM = S2273LZ6GL;
				GENERATE_INFOPLIST_FILE = YES;
				IPHONEOS_DEPLOYMENT_TARGET = 15.2;
				MARKETING_VERSION = 1.0;
				PRODUCT_BUNDLE_IDENTIFIER = "com.mbientlab.Tests-iOS";
				PRODUCT_NAME = "$(TARGET_NAME)";
				SDKROOT = iphoneos;
				SWIFT_EMIT_LOC_STRINGS = NO;
				SWIFT_VERSION = 5.0;
				TARGETED_DEVICE_FAMILY = "1,2";
				TEST_TARGET_NAME = "MetaBase (iOS)";
			};
			name = Debug;
		};
		94E00602275A07E9001B0DFD /* Release */ = {
			isa = XCBuildConfiguration;
			buildSettings = {
				ALWAYS_EMBED_SWIFT_STANDARD_LIBRARIES = YES;
				CODE_SIGN_STYLE = Automatic;
				CURRENT_PROJECT_VERSION = 1;
				DEVELOPMENT_TEAM = S2273LZ6GL;
				GENERATE_INFOPLIST_FILE = YES;
				IPHONEOS_DEPLOYMENT_TARGET = 15.2;
				MARKETING_VERSION = 1.0;
				PRODUCT_BUNDLE_IDENTIFIER = "com.mbientlab.Tests-iOS";
				PRODUCT_NAME = "$(TARGET_NAME)";
				SDKROOT = iphoneos;
				SWIFT_EMIT_LOC_STRINGS = NO;
				SWIFT_VERSION = 5.0;
				TARGETED_DEVICE_FAMILY = "1,2";
				TEST_TARGET_NAME = "MetaBase (iOS)";
				VALIDATE_PRODUCT = YES;
			};
			name = Release;
		};
		94E00604275A07E9001B0DFD /* Debug */ = {
			isa = XCBuildConfiguration;
			buildSettings = {
				ALWAYS_EMBED_SWIFT_STANDARD_LIBRARIES = YES;
				CODE_SIGN_STYLE = Automatic;
				CURRENT_PROJECT_VERSION = 1;
				DEVELOPMENT_TEAM = S2273LZ6GL;
				GENERATE_INFOPLIST_FILE = YES;
				MACOSX_DEPLOYMENT_TARGET = 12.0;
				MARKETING_VERSION = 1.0;
				PRODUCT_BUNDLE_IDENTIFIER = "com.mbientlab.Tests-macOS";
				PRODUCT_NAME = "$(TARGET_NAME)";
				SDKROOT = macosx;
				SWIFT_EMIT_LOC_STRINGS = NO;
				SWIFT_VERSION = 5.0;
				TEST_TARGET_NAME = "MetaBase (macOS)";
			};
			name = Debug;
		};
		94E00605275A07E9001B0DFD /* Release */ = {
			isa = XCBuildConfiguration;
			buildSettings = {
				ALWAYS_EMBED_SWIFT_STANDARD_LIBRARIES = YES;
				CODE_SIGN_STYLE = Automatic;
				CURRENT_PROJECT_VERSION = 1;
				DEVELOPMENT_TEAM = S2273LZ6GL;
				GENERATE_INFOPLIST_FILE = YES;
				MACOSX_DEPLOYMENT_TARGET = 12.0;
				MARKETING_VERSION = 1.0;
				PRODUCT_BUNDLE_IDENTIFIER = "com.mbientlab.Tests-macOS";
				PRODUCT_NAME = "$(TARGET_NAME)";
				SDKROOT = macosx;
				SWIFT_EMIT_LOC_STRINGS = NO;
				SWIFT_VERSION = 5.0;
				TEST_TARGET_NAME = "MetaBase (macOS)";
			};
			name = Release;
		};
/* End XCBuildConfiguration section */

/* Begin XCConfigurationList section */
		94E005C8275A07E9001B0DFD /* Build configuration list for PBXProject "MetaBase" */ = {
			isa = XCConfigurationList;
			buildConfigurations = (
				94E005F8275A07E9001B0DFD /* Debug */,
				94E005F9275A07E9001B0DFD /* Release */,
			);
			defaultConfigurationIsVisible = 0;
			defaultConfigurationName = Release;
		};
		94E005FA275A07E9001B0DFD /* Build configuration list for PBXNativeTarget "MetaBase (iOS)" */ = {
			isa = XCConfigurationList;
			buildConfigurations = (
				94E005FB275A07E9001B0DFD /* Debug */,
				94E005FC275A07E9001B0DFD /* Release */,
			);
			defaultConfigurationIsVisible = 0;
			defaultConfigurationName = Release;
		};
		94E005FD275A07E9001B0DFD /* Build configuration list for PBXNativeTarget "MetaBase (macOS)" */ = {
			isa = XCConfigurationList;
			buildConfigurations = (
				94E005FE275A07E9001B0DFD /* Debug */,
				94E005FF275A07E9001B0DFD /* Release */,
			);
			defaultConfigurationIsVisible = 0;
			defaultConfigurationName = Release;
		};
		94E00600275A07E9001B0DFD /* Build configuration list for PBXNativeTarget "Tests iOS" */ = {
			isa = XCConfigurationList;
			buildConfigurations = (
				94E00601275A07E9001B0DFD /* Debug */,
				94E00602275A07E9001B0DFD /* Release */,
			);
			defaultConfigurationIsVisible = 0;
			defaultConfigurationName = Release;
		};
		94E00603275A07E9001B0DFD /* Build configuration list for PBXNativeTarget "Tests macOS" */ = {
			isa = XCConfigurationList;
			buildConfigurations = (
				94E00604275A07E9001B0DFD /* Debug */,
				94E00605275A07E9001B0DFD /* Release */,
			);
			defaultConfigurationIsVisible = 0;
			defaultConfigurationName = Release;
		};
/* End XCConfigurationList section */

/* Begin XCSwiftPackageProductDependency section */
		945494F627656A800021E3D6 /* MetaWear */ = {
			isa = XCSwiftPackageProductDependency;
			productName = MetaWear;
		};
		945494F827656A840021E3D6 /* MetaWear */ = {
			isa = XCSwiftPackageProductDependency;
			productName = MetaWear;
		};
		945494FA27656A8C0021E3D6 /* MetaWearMetadata */ = {
			isa = XCSwiftPackageProductDependency;
			productName = MetaWearMetadata;
		};
		945494FC27656A910021E3D6 /* MetaWearMetadata */ = {
			isa = XCSwiftPackageProductDependency;
			productName = MetaWearMetadata;
		};
		94801C7B275A9264005574DF /* MetaWearMetadata */ = {
			isa = XCSwiftPackageProductDependency;
			productName = MetaWearMetadata;
		};
		94801C7F275A926E005574DF /* MetaWearMetadata */ = {
			isa = XCSwiftPackageProductDependency;
			productName = MetaWearMetadata;
		};
		94934FD2275A09E700E388FF /* MetaWear */ = {
			isa = XCSwiftPackageProductDependency;
			productName = MetaWear;
		};
		94934FD4275A09EE00E388FF /* MetaWear */ = {
			isa = XCSwiftPackageProductDependency;
			productName = MetaWear;
		};
		9493500F275A0F0A00E388FF /* mbientSwiftUI */ = {
			isa = XCSwiftPackageProductDependency;
			productName = mbientSwiftUI;
		};
		94935011275A0F1000E388FF /* mbientSwiftUI */ = {
			isa = XCSwiftPackageProductDependency;
			productName = mbientSwiftUI;
		};
/* End XCSwiftPackageProductDependency section */
	};
	rootObject = 94E005C5275A07E9001B0DFD /* Project object */;
}
