{
  "object": {
    "pins": [
      {
        "package": "NordicDFU",
        "repositoryURL": "https://github.com/NordicSemiconductor/IOS-DFU-Library",
        "state": {
          "branch": null,
          "revision": "f73213f2de57c8c53700725ee2cff6cd35ef66fe",
          "version": "4.11.1"
        }
      },
      {
        "package": "mbientSwiftUI",
        "repositoryURL": "https://github.com/mbientlab/mbientSwiftUI",
        "state": {
          "branch": "main",
          "revision": "c07c2d38b545cf939db64bb421f3f23580204a6e",
          "version": null
        }
      },
      {
        "package": "MetaWear",
        "repositoryURL": "https://github.com/mbientlab/MetaWear-SDK-Swift-Combine",
        "state": {
          "branch": "main",
          "revision": "772ed65e6460e1a7fccfdd4f2b4a1d59ff54f2d8",
          "version": null
        }
      },
      {
        "package": "ZIPFoundation",
        "repositoryURL": "https://github.com/weichsel/ZIPFoundation",
        "state": {
          "branch": null,
          "revision": "ec32d62d412578542c0ffb7a6ce34d3e64b43b94",
          "version": "0.9.11"
        }
      }
    ]
  },
  "version": 1
}
